// !$*UTF8*$!
{
	archiveVersion = 1;
	classes = {
	};
	objectVersion = 51;
	objects = {

/* Begin PBXBuildFile section */
		15594C6881D8D8AC2B7749F1 /* Pods_TalkersUITests.framework in Frameworks */ = {isa = PBXBuildFile; fileRef = 38A7BE699092488D88AD6A9F /* Pods_TalkersUITests.framework */; };
		2A29CD4F57CCDD380499ADAB /* Pods_TalkersTests.framework in Frameworks */ = {isa = PBXBuildFile; fileRef = EDE39EA7B5DFC32FBB967C84 /* Pods_TalkersTests.framework */; };
		560231142574341A00FBA863 /* UIBarButtonItem+Extensions.swift in Sources */ = {isa = PBXBuildFile; fileRef = 560231132574341A00FBA863 /* UIBarButtonItem+Extensions.swift */; };
		56077069254D62250021DF4E /* ChannelMO+Extensions.swift in Sources */ = {isa = PBXBuildFile; fileRef = 56077068254D62250021DF4E /* ChannelMO+Extensions.swift */; };
		5607706E254EBA0D0021DF4E /* MessageMO+Extensions.swift in Sources */ = {isa = PBXBuildFile; fileRef = 5607706D254EBA0D0021DF4E /* MessageMO+Extensions.swift */; };
		560D463F250AD21300E5A610 /* AppDelegate.swift in Sources */ = {isa = PBXBuildFile; fileRef = 560D463E250AD21300E5A610 /* AppDelegate.swift */; };
		560D4643250AD21300E5A610 /* ProfileViewController.swift in Sources */ = {isa = PBXBuildFile; fileRef = 560D4642250AD21300E5A610 /* ProfileViewController.swift */; };
		560D4646250AD21300E5A610 /* ProfileViewController.storyboard in Resources */ = {isa = PBXBuildFile; fileRef = 560D4644250AD21300E5A610 /* ProfileViewController.storyboard */; };
		560D4648250AD21A00E5A610 /* Assets.xcassets in Resources */ = {isa = PBXBuildFile; fileRef = 560D4647250AD21A00E5A610 /* Assets.xcassets */; };
		560D464B250AD21A00E5A610 /* LaunchScreen.storyboard in Resources */ = {isa = PBXBuildFile; fileRef = 560D4649250AD21A00E5A610 /* LaunchScreen.storyboard */; };
		56107B15252D215A0049BFA7 /* ThemesService.swift in Sources */ = {isa = PBXBuildFile; fileRef = 56107B14252D215A0049BFA7 /* ThemesService.swift */; };
		56107B1D252E37A20049BFA7 /* UIViewController+Extentions.swift in Sources */ = {isa = PBXBuildFile; fileRef = 56107B1C252E37A20049BFA7 /* UIViewController+Extentions.swift */; };
		56107B27252E61CA0049BFA7 /* UIColor+Extentions.swift in Sources */ = {isa = PBXBuildFile; fileRef = 56107B26252E61CA0049BFA7 /* UIColor+Extentions.swift */; };
		5610E9E02577130600499EBF /* FirebaseStorageMock.swift in Sources */ = {isa = PBXBuildFile; fileRef = 5610E9DF2577130600499EBF /* FirebaseStorageMock.swift */; };
		5612ED93252A723E003A5955 /* ThemesViewController.swift in Sources */ = {isa = PBXBuildFile; fileRef = 5612ED92252A723E003A5955 /* ThemesViewController.swift */; };
		5612ED96252A725D003A5955 /* ThemesViewController.storyboard in Resources */ = {isa = PBXBuildFile; fileRef = 5612ED95252A725D003A5955 /* ThemesViewController.storyboard */; };
		5612ED99252A76D2003A5955 /* ThemeButton.swift in Sources */ = {isa = PBXBuildFile; fileRef = 5612ED98252A76D2003A5955 /* ThemeButton.swift */; };
		5612ED9C252A772D003A5955 /* ThemeButton.xib in Resources */ = {isa = PBXBuildFile; fileRef = 5612ED9B252A772D003A5955 /* ThemeButton.xib */; };
		5614C71B253337B20038464F /* ProfileGCDService.swift in Sources */ = {isa = PBXBuildFile; fileRef = 5614C71A253337B20038464F /* ProfileGCDService.swift */; };
		561B82F425549C2A00D9B21D /* CoreDataStack.swift in Sources */ = {isa = PBXBuildFile; fileRef = 561B82F325549C2A00D9B21D /* CoreDataStack.swift */; };
		561E5B742559F62C00C0B13F /* CoreDataStorage.swift in Sources */ = {isa = PBXBuildFile; fileRef = 561E5B732559F62C00C0B13F /* CoreDataStorage.swift */; };
		562FD7392579667D0033F15A /* ProfileGCDServiceTests.swift in Sources */ = {isa = PBXBuildFile; fileRef = 562FD7382579667D0033F15A /* ProfileGCDServiceTests.swift */; };
		562FD73F2579672B0033F15A /* FileStorageMock.swift in Sources */ = {isa = PBXBuildFile; fileRef = 562FD73E2579672B0033F15A /* FileStorageMock.swift */; };
		563362C82576D23300FB97BE /* ChannelsFirebaseServiceTests.swift in Sources */ = {isa = PBXBuildFile; fileRef = 563362C72576D23300FB97BE /* ChannelsFirebaseServiceTests.swift */; };
		563CF09F25610A1000E164C3 /* ThemesModel.swift in Sources */ = {isa = PBXBuildFile; fileRef = 563CF09E25610A1000E164C3 /* ThemesModel.swift */; };
		563CF0A3256119AC00E164C3 /* ThemeSettings.swift in Sources */ = {isa = PBXBuildFile; fileRef = 563CF0A2256119AC00E164C3 /* ThemeSettings.swift */; };
		563CF0A72561C12100E164C3 /* ProfileModel.swift in Sources */ = {isa = PBXBuildFile; fileRef = 563CF0A62561C12100E164C3 /* ProfileModel.swift */; };
		5641D7B82579909B00164C17 /* MessagesCoreDataServiceTests.swift in Sources */ = {isa = PBXBuildFile; fileRef = 5641D7B72579909B00164C17 /* MessagesCoreDataServiceTests.swift */; };
		5641D7BE2579918900164C17 /* ChannelsCoreDataServiceMock.swift in Sources */ = {isa = PBXBuildFile; fileRef = 5641D7BD2579918900164C17 /* ChannelsCoreDataServiceMock.swift */; };
		5641D7C22579923700164C17 /* CoreDataStackMock.swift in Sources */ = {isa = PBXBuildFile; fileRef = 5641D7C12579923700164C17 /* CoreDataStackMock.swift */; };
		5641D7C625799BCD00164C17 /* MessagesFirebaseServiceTests.swift in Sources */ = {isa = PBXBuildFile; fileRef = 5641D7C525799BCD00164C17 /* MessagesFirebaseServiceTests.swift */; };
		5643F5BE2571ABB600BFB672 /* TinkoffEmblemAnimator.swift in Sources */ = {isa = PBXBuildFile; fileRef = 5643F5BD2571ABB600BFB672 /* TinkoffEmblemAnimator.swift */; };
		5645D2332559340A0085285C /* ConversationsListModel.swift in Sources */ = {isa = PBXBuildFile; fileRef = 5645D2322559340A0085285C /* ConversationsListModel.swift */; };
		5645D239255945F30085285C /* ChannelsServiceFacade.swift in Sources */ = {isa = PBXBuildFile; fileRef = 5645D238255945F30085285C /* ChannelsServiceFacade.swift */; };
		5645D240255947F50085285C /* FirebaseStorage.swift in Sources */ = {isa = PBXBuildFile; fileRef = 5645D23F255947F50085285C /* FirebaseStorage.swift */; };
		56481C3D2537375A00B52E20 /* ProfileOperationService.swift in Sources */ = {isa = PBXBuildFile; fileRef = 56481C3C2537375A00B52E20 /* ProfileOperationService.swift */; };
		56481C4125373C1000B52E20 /* Profile.swift in Sources */ = {isa = PBXBuildFile; fileRef = 56481C4025373C1000B52E20 /* Profile.swift */; };
		56481C452537A40F00B52E20 /* SaveProfileOperation.swift in Sources */ = {isa = PBXBuildFile; fileRef = 56481C442537A40F00B52E20 /* SaveProfileOperation.swift */; };
		56481C492537A59200B52E20 /* FileStorage.swift in Sources */ = {isa = PBXBuildFile; fileRef = 56481C482537A59200B52E20 /* FileStorage.swift */; };
		56481C4C2537AA1200B52E20 /* LoadProfileOperation.swift in Sources */ = {isa = PBXBuildFile; fileRef = 56481C4B2537AA1200B52E20 /* LoadProfileOperation.swift */; };
		5667A1322572CC3A00FE3999 /* UIView+Extensions.swift in Sources */ = {isa = PBXBuildFile; fileRef = 5667A1312572CC3A00FE3999 /* UIView+Extensions.swift */; };
		5667A1362572F0BB00FE3999 /* CircleTransitionAnimator.swift in Sources */ = {isa = PBXBuildFile; fileRef = 5667A1352572F0BB00FE3999 /* CircleTransitionAnimator.swift */; };
		567244CA2558B44F00B8967F /* RootAssembly.swift in Sources */ = {isa = PBXBuildFile; fileRef = 567244C92558B44F00B8967F /* RootAssembly.swift */; };
		567244CE2558B4C600B8967F /* CoreAssembly.swift in Sources */ = {isa = PBXBuildFile; fileRef = 567244CD2558B4C600B8967F /* CoreAssembly.swift */; };
		567244D22558B56200B8967F /* ServiceAssembly.swift in Sources */ = {isa = PBXBuildFile; fileRef = 567244D12558B56200B8967F /* ServiceAssembly.swift */; };
		567244D72558B61F00B8967F /* PresentationAssembly.swift in Sources */ = {isa = PBXBuildFile; fileRef = 567244D62558B61F00B8967F /* PresentationAssembly.swift */; };
		5679C261256717AB00989F43 /* Hit.swift in Sources */ = {isa = PBXBuildFile; fileRef = 5679C25B256717AB00989F43 /* Hit.swift */; };
		5679C262256717AB00989F43 /* PixabayImages.swift in Sources */ = {isa = PBXBuildFile; fileRef = 5679C25C256717AB00989F43 /* PixabayImages.swift */; };
		5679C263256717AB00989F43 /* ProfileImagesViewController.storyboard in Resources */ = {isa = PBXBuildFile; fileRef = 5679C25E256717AB00989F43 /* ProfileImagesViewController.storyboard */; };
		5679C264256717AB00989F43 /* ProfileImagesViewController.swift in Sources */ = {isa = PBXBuildFile; fileRef = 5679C25F256717AB00989F43 /* ProfileImagesViewController.swift */; };
		5679C269256726CB00989F43 /* ProfileImagesService.swift in Sources */ = {isa = PBXBuildFile; fileRef = 5679C268256726CB00989F43 /* ProfileImagesService.swift */; };
		5679C26E25672A8800989F43 /* ProfileImagesModel.swift in Sources */ = {isa = PBXBuildFile; fileRef = 5679C26D25672A8800989F43 /* ProfileImagesModel.swift */; };
		5679C274256734C800989F43 /* ProfileImagesCollectionViewDataSource.swift in Sources */ = {isa = PBXBuildFile; fileRef = 5679C273256734C800989F43 /* ProfileImagesCollectionViewDataSource.swift */; };
		5679C277256737C700989F43 /* ProfileImagesCollectionViewDelegate.swift in Sources */ = {isa = PBXBuildFile; fileRef = 5679C276256737C700989F43 /* ProfileImagesCollectionViewDelegate.swift */; };
		5679C27B25673AB900989F43 /* ProfileImagesCollectionViewCell.swift in Sources */ = {isa = PBXBuildFile; fileRef = 5679C27A25673AB900989F43 /* ProfileImagesCollectionViewCell.swift */; };
		5679C27E25673E0E00989F43 /* ProfileImagesCollectionViewCell.xib in Resources */ = {isa = PBXBuildFile; fileRef = 5679C27D25673E0E00989F43 /* ProfileImagesCollectionViewCell.xib */; };
		567E07D52537BC91007133D1 /* ProfileServiceFacade.swift in Sources */ = {isa = PBXBuildFile; fileRef = 567E07D42537BC91007133D1 /* ProfileServiceFacade.swift */; };
		567ECB6B255DEBF500DD292A /* ConversationModel.swift in Sources */ = {isa = PBXBuildFile; fileRef = 567ECB6A255DEBF500DD292A /* ConversationModel.swift */; };
		567ECB6E255DED3500DD292A /* ConversationTableViewDataSource.swift in Sources */ = {isa = PBXBuildFile; fileRef = 567ECB6D255DED3500DD292A /* ConversationTableViewDataSource.swift */; };
		567ECB77255DEF2A00DD292A /* MessagesServiceFacade.swift in Sources */ = {isa = PBXBuildFile; fileRef = 567ECB76255DEF2A00DD292A /* MessagesServiceFacade.swift */; };
		567ECB7B255DEF4000DD292A /* MessagesFirebaseService.swift in Sources */ = {isa = PBXBuildFile; fileRef = 567ECB7A255DEF4000DD292A /* MessagesFirebaseService.swift */; };
		567ECB7E255DEF5500DD292A /* MessagesCoreDataService.swift in Sources */ = {isa = PBXBuildFile; fileRef = 567ECB7D255DEF5500DD292A /* MessagesCoreDataService.swift */; };
		567F3CF2252260B10078A709 /* ConversationsListViewController.storyboard in Resources */ = {isa = PBXBuildFile; fileRef = 567F3CF1252260B10078A709 /* ConversationsListViewController.storyboard */; };
		567F3CF6252261B40078A709 /* ConversationsListViewController.swift in Sources */ = {isa = PBXBuildFile; fileRef = 567F3CF5252261B40078A709 /* ConversationsListViewController.swift */; };
		567F3CFE252262D70078A709 /* ConversationViewController.storyboard in Resources */ = {isa = PBXBuildFile; fileRef = 567F3CFD252262D70078A709 /* ConversationViewController.storyboard */; };
		567F3D01252262F40078A709 /* ConversationViewController.swift in Sources */ = {isa = PBXBuildFile; fileRef = 567F3D00252262F40078A709 /* ConversationViewController.swift */; };
		567F3D192523EB440078A709 /* ConversationsListTableViewCell.swift in Sources */ = {isa = PBXBuildFile; fileRef = 567F3D172523EB440078A709 /* ConversationsListTableViewCell.swift */; };
		567F3D1A2523EB440078A709 /* ConversationsListTableViewCell.xib in Resources */ = {isa = PBXBuildFile; fileRef = 567F3D182523EB440078A709 /* ConversationsListTableViewCell.xib */; };
		567F3D262524C7CF0078A709 /* ConversationTableViewCell.swift in Sources */ = {isa = PBXBuildFile; fileRef = 567F3D242524C7CF0078A709 /* ConversationTableViewCell.swift */; };
		567F3D272524C7CF0078A709 /* IncomingConversationTableViewCell.xib in Resources */ = {isa = PBXBuildFile; fileRef = 567F3D252524C7CF0078A709 /* IncomingConversationTableViewCell.xib */; };
		567F3D2B2524CA3E0078A709 /* OutgoingConversationTableViewCell.xib in Resources */ = {isa = PBXBuildFile; fileRef = 567F3D2A2524CA3E0078A709 /* OutgoingConversationTableViewCell.xib */; };
		567F3D33252508470078A709 /* ConfigurableView.swift in Sources */ = {isa = PBXBuildFile; fileRef = 567F3D32252508470078A709 /* ConfigurableView.swift */; };
		5682E5E725335B24009CE1BE /* BaseViewController.swift in Sources */ = {isa = PBXBuildFile; fileRef = 5682E5E625335B24009CE1BE /* BaseViewController.swift */; };
		568AE4E2251B1DD7001277F1 /* SF-Pro-Text-Regular.otf in Resources */ = {isa = PBXBuildFile; fileRef = 568AE4BE251B1DC8001277F1 /* SF-Pro-Text-Regular.otf */; };
		568AE4EF251B1DD7001277F1 /* SF-Pro-Display-Bold.otf in Resources */ = {isa = PBXBuildFile; fileRef = 568AE4CB251B1DCE001277F1 /* SF-Pro-Display-Bold.otf */; };
		568AE4F2251B1DD7001277F1 /* SF-Pro-Text-Semibold.otf in Resources */ = {isa = PBXBuildFile; fileRef = 568AE4CE251B1DCF001277F1 /* SF-Pro-Text-Semibold.otf */; };
		568AE50C251B3316001277F1 /* Roboto-Regular.otf in Resources */ = {isa = PBXBuildFile; fileRef = 568AE50B251B3315001277F1 /* Roboto-Regular.otf */; };
		5690FC48256D85A3003CC198 /* RequestsFactory.swift in Sources */ = {isa = PBXBuildFile; fileRef = 5690FC47256D85A3003CC198 /* RequestsFactory.swift */; };
		5690FC4C256D8683003CC198 /* RequestSender.swift in Sources */ = {isa = PBXBuildFile; fileRef = 5690FC4B256D8683003CC198 /* RequestSender.swift */; };
		5690FC50256D87DC003CC198 /* ParserProtocol.swift in Sources */ = {isa = PBXBuildFile; fileRef = 5690FC4F256D87DC003CC198 /* ParserProtocol.swift */; };
		5690FC54256D8866003CC198 /* PixabayParser.swift in Sources */ = {isa = PBXBuildFile; fileRef = 5690FC53256D8866003CC198 /* PixabayParser.swift */; };
		5690FC58256DB71C003CC198 /* RequestProtocol.swift in Sources */ = {isa = PBXBuildFile; fileRef = 5690FC57256DB71C003CC198 /* RequestProtocol.swift */; };
		5690FC5C256DB75A003CC198 /* PixabayImageRequest.swift in Sources */ = {isa = PBXBuildFile; fileRef = 5690FC5B256DB75A003CC198 /* PixabayImageRequest.swift */; };
		569FE3842537ADC9002820CB /* AsyncOperation.swift in Sources */ = {isa = PBXBuildFile; fileRef = 569FE3832537ADC9002820CB /* AsyncOperation.swift */; };
		56B78B8C254B40A800055F1E /* Chats.xcdatamodeld in Sources */ = {isa = PBXBuildFile; fileRef = 56B78B8A254B40A800055F1E /* Chats.xcdatamodeld */; };
		56BB5C74253BA0E50067265D /* GoogleService-Info.plist in Resources */ = {isa = PBXBuildFile; fileRef = 56BB5C73253BA0E50067265D /* GoogleService-Info.plist */; };
		56BD29ED2510C441003633A3 /* Logger.swift in Sources */ = {isa = PBXBuildFile; fileRef = 56BD29EC2510C441003633A3 /* Logger.swift */; };
		56C06A19255D358300CE20C0 /* ChannelsFirebaseService.swift in Sources */ = {isa = PBXBuildFile; fileRef = 56C06A18255D358300CE20C0 /* ChannelsFirebaseService.swift */; };
		56C06A1C255D3DBC00CE20C0 /* ChannelsCoreDataService.swift in Sources */ = {isa = PBXBuildFile; fileRef = 56C06A1B255D3DBC00CE20C0 /* ChannelsCoreDataService.swift */; };
		56C06A20255D5F9C00CE20C0 /* ConversationsListTableViewDataSource.swift in Sources */ = {isa = PBXBuildFile; fileRef = 56C06A1F255D5F9C00CE20C0 /* ConversationsListTableViewDataSource.swift */; };
		56C06A26255D626600CE20C0 /* ConversationsListTableViewDelegate.swift in Sources */ = {isa = PBXBuildFile; fileRef = 56C06A25255D626600CE20C0 /* ConversationsListTableViewDelegate.swift */; };
		56C06A2A255D9E6C00CE20C0 /* Channel.swift in Sources */ = {isa = PBXBuildFile; fileRef = 56C06A29255D9E6C00CE20C0 /* Channel.swift */; };
		56CECC6925403B8C00EFB86E /* Message.swift in Sources */ = {isa = PBXBuildFile; fileRef = 56CECC6825403B8C00EFB86E /* Message.swift */; };
		56CECC8725421AF600EFB86E /* String+Extensions.swift in Sources */ = {isa = PBXBuildFile; fileRef = 56CECC8625421AF600EFB86E /* String+Extensions.swift */; };
		56D5183F257ADE4A007F7DC9 /* ProfileViewControllerUITests.swift in Sources */ = {isa = PBXBuildFile; fileRef = 56D5183E257ADE4A007F7DC9 /* ProfileViewControllerUITests.swift */; };
		56DFBA592569A8B500DC2C65 /* ProfileImagesCellModel.swift in Sources */ = {isa = PBXBuildFile; fileRef = 56DFBA582569A8B500DC2C65 /* ProfileImagesCellModel.swift */; };
		56E060F5256F1904006BDA4A /* TremblingButtonAnimator.swift in Sources */ = {isa = PBXBuildFile; fileRef = 56E060F4256F1904006BDA4A /* TremblingButtonAnimator.swift */; };
		68875600CF64A62948C5788A /* Pods_Talkers.framework in Frameworks */ = {isa = PBXBuildFile; fileRef = E7659CD1767238E9F4EFC767 /* Pods_Talkers.framework */; };
/* End PBXBuildFile section */

/* Begin PBXContainerItemProxy section */
		56D51841257ADE4B007F7DC9 /* PBXContainerItemProxy */ = {
			isa = PBXContainerItemProxy;
			containerPortal = 560D4633250AD21300E5A610 /* Project object */;
			proxyType = 1;
			remoteGlobalIDString = 560D463A250AD21300E5A610;
			remoteInfo = Talkers;
		};
		56DFF85225763FDD003A1AB4 /* PBXContainerItemProxy */ = {
			isa = PBXContainerItemProxy;
			containerPortal = 560D4633250AD21300E5A610 /* Project object */;
			proxyType = 1;
			remoteGlobalIDString = 560D463A250AD21300E5A610;
			remoteInfo = Talkers;
		};
/* End PBXContainerItemProxy section */

/* Begin PBXFileReference section */
		20B62A7FF73E0732E696BAFC /* Pods-Talkers.release.xcconfig */ = {isa = PBXFileReference; includeInIndex = 1; lastKnownFileType = text.xcconfig; name = "Pods-Talkers.release.xcconfig"; path = "Target Support Files/Pods-Talkers/Pods-Talkers.release.xcconfig"; sourceTree = "<group>"; };
		226E1FD79CF245A94E7E1353 /* Pods-TalkersTests.debug.xcconfig */ = {isa = PBXFileReference; includeInIndex = 1; lastKnownFileType = text.xcconfig; name = "Pods-TalkersTests.debug.xcconfig"; path = "Target Support Files/Pods-TalkersTests/Pods-TalkersTests.debug.xcconfig"; sourceTree = "<group>"; };
		38A7BE699092488D88AD6A9F /* Pods_TalkersUITests.framework */ = {isa = PBXFileReference; explicitFileType = wrapper.framework; includeInIndex = 0; path = Pods_TalkersUITests.framework; sourceTree = BUILT_PRODUCTS_DIR; };
		560231132574341A00FBA863 /* UIBarButtonItem+Extensions.swift */ = {isa = PBXFileReference; lastKnownFileType = sourcecode.swift; path = "UIBarButtonItem+Extensions.swift"; sourceTree = "<group>"; };
		56077068254D62250021DF4E /* ChannelMO+Extensions.swift */ = {isa = PBXFileReference; lastKnownFileType = sourcecode.swift; path = "ChannelMO+Extensions.swift"; sourceTree = "<group>"; };
		5607706D254EBA0D0021DF4E /* MessageMO+Extensions.swift */ = {isa = PBXFileReference; lastKnownFileType = sourcecode.swift; path = "MessageMO+Extensions.swift"; sourceTree = "<group>"; };
		560D463B250AD21300E5A610 /* Talkers.app */ = {isa = PBXFileReference; explicitFileType = wrapper.application; includeInIndex = 0; path = Talkers.app; sourceTree = BUILT_PRODUCTS_DIR; };
		560D463E250AD21300E5A610 /* AppDelegate.swift */ = {isa = PBXFileReference; lastKnownFileType = sourcecode.swift; path = AppDelegate.swift; sourceTree = "<group>"; };
		560D4642250AD21300E5A610 /* ProfileViewController.swift */ = {isa = PBXFileReference; lastKnownFileType = sourcecode.swift; path = ProfileViewController.swift; sourceTree = "<group>"; };
		560D4645250AD21300E5A610 /* Base */ = {isa = PBXFileReference; lastKnownFileType = file.storyboard; name = Base; path = Base.lproj/ProfileViewController.storyboard; sourceTree = "<group>"; };
		560D4647250AD21A00E5A610 /* Assets.xcassets */ = {isa = PBXFileReference; lastKnownFileType = folder.assetcatalog; path = Assets.xcassets; sourceTree = "<group>"; };
		560D464A250AD21A00E5A610 /* Base */ = {isa = PBXFileReference; lastKnownFileType = file.storyboard; name = Base; path = Base.lproj/LaunchScreen.storyboard; sourceTree = "<group>"; };
		560D464C250AD21A00E5A610 /* Info.plist */ = {isa = PBXFileReference; lastKnownFileType = text.plist.xml; path = Info.plist; sourceTree = "<group>"; };
		56107B14252D215A0049BFA7 /* ThemesService.swift */ = {isa = PBXFileReference; lastKnownFileType = sourcecode.swift; path = ThemesService.swift; sourceTree = "<group>"; };
		56107B1C252E37A20049BFA7 /* UIViewController+Extentions.swift */ = {isa = PBXFileReference; lastKnownFileType = sourcecode.swift; path = "UIViewController+Extentions.swift"; sourceTree = "<group>"; };
		56107B26252E61CA0049BFA7 /* UIColor+Extentions.swift */ = {isa = PBXFileReference; lastKnownFileType = sourcecode.swift; path = "UIColor+Extentions.swift"; sourceTree = "<group>"; };
		5610E9DF2577130600499EBF /* FirebaseStorageMock.swift */ = {isa = PBXFileReference; lastKnownFileType = sourcecode.swift; path = FirebaseStorageMock.swift; sourceTree = "<group>"; };
		5612ED92252A723E003A5955 /* ThemesViewController.swift */ = {isa = PBXFileReference; lastKnownFileType = sourcecode.swift; path = ThemesViewController.swift; sourceTree = "<group>"; };
		5612ED95252A725D003A5955 /* ThemesViewController.storyboard */ = {isa = PBXFileReference; lastKnownFileType = file.storyboard; path = ThemesViewController.storyboard; sourceTree = "<group>"; };
		5612ED98252A76D2003A5955 /* ThemeButton.swift */ = {isa = PBXFileReference; lastKnownFileType = sourcecode.swift; path = ThemeButton.swift; sourceTree = "<group>"; };
		5612ED9B252A772D003A5955 /* ThemeButton.xib */ = {isa = PBXFileReference; lastKnownFileType = file.xib; path = ThemeButton.xib; sourceTree = "<group>"; };
		5614C71A253337B20038464F /* ProfileGCDService.swift */ = {isa = PBXFileReference; lastKnownFileType = sourcecode.swift; path = ProfileGCDService.swift; sourceTree = "<group>"; };
		561B82F325549C2A00D9B21D /* CoreDataStack.swift */ = {isa = PBXFileReference; lastKnownFileType = sourcecode.swift; path = CoreDataStack.swift; sourceTree = "<group>"; };
		561E5B732559F62C00C0B13F /* CoreDataStorage.swift */ = {isa = PBXFileReference; lastKnownFileType = sourcecode.swift; path = CoreDataStorage.swift; sourceTree = "<group>"; };
		56298CB7257A3BD3006034E7 /* ProfileViewControllerUITests.swift */ = {isa = PBXFileReference; lastKnownFileType = sourcecode.swift; path = ProfileViewControllerUITests.swift; sourceTree = "<group>"; };
		56298CB9257A3BD3006034E7 /* Info.plist */ = {isa = PBXFileReference; lastKnownFileType = text.plist.xml; path = Info.plist; sourceTree = "<group>"; };
		562FD7382579667D0033F15A /* ProfileGCDServiceTests.swift */ = {isa = PBXFileReference; lastKnownFileType = sourcecode.swift; path = ProfileGCDServiceTests.swift; sourceTree = "<group>"; };
		562FD73E2579672B0033F15A /* FileStorageMock.swift */ = {isa = PBXFileReference; lastKnownFileType = sourcecode.swift; path = FileStorageMock.swift; sourceTree = "<group>"; };
		563362C72576D23300FB97BE /* ChannelsFirebaseServiceTests.swift */ = {isa = PBXFileReference; lastKnownFileType = sourcecode.swift; path = ChannelsFirebaseServiceTests.swift; sourceTree = "<group>"; };
		563CF09E25610A1000E164C3 /* ThemesModel.swift */ = {isa = PBXFileReference; lastKnownFileType = sourcecode.swift; path = ThemesModel.swift; sourceTree = "<group>"; };
		563CF0A2256119AC00E164C3 /* ThemeSettings.swift */ = {isa = PBXFileReference; lastKnownFileType = sourcecode.swift; path = ThemeSettings.swift; sourceTree = "<group>"; };
		563CF0A62561C12100E164C3 /* ProfileModel.swift */ = {isa = PBXFileReference; lastKnownFileType = sourcecode.swift; path = ProfileModel.swift; sourceTree = "<group>"; };
		5641D7B72579909B00164C17 /* MessagesCoreDataServiceTests.swift */ = {isa = PBXFileReference; lastKnownFileType = sourcecode.swift; path = MessagesCoreDataServiceTests.swift; sourceTree = "<group>"; };
		5641D7BD2579918900164C17 /* ChannelsCoreDataServiceMock.swift */ = {isa = PBXFileReference; lastKnownFileType = sourcecode.swift; path = ChannelsCoreDataServiceMock.swift; sourceTree = "<group>"; };
		5641D7C12579923700164C17 /* CoreDataStackMock.swift */ = {isa = PBXFileReference; lastKnownFileType = sourcecode.swift; path = CoreDataStackMock.swift; sourceTree = "<group>"; };
		5641D7C525799BCD00164C17 /* MessagesFirebaseServiceTests.swift */ = {isa = PBXFileReference; lastKnownFileType = sourcecode.swift; path = MessagesFirebaseServiceTests.swift; sourceTree = "<group>"; };
		5643F5BD2571ABB600BFB672 /* TinkoffEmblemAnimator.swift */ = {isa = PBXFileReference; lastKnownFileType = sourcecode.swift; path = TinkoffEmblemAnimator.swift; sourceTree = "<group>"; };
		5645D2322559340A0085285C /* ConversationsListModel.swift */ = {isa = PBXFileReference; lastKnownFileType = sourcecode.swift; path = ConversationsListModel.swift; sourceTree = "<group>"; };
		5645D238255945F30085285C /* ChannelsServiceFacade.swift */ = {isa = PBXFileReference; lastKnownFileType = sourcecode.swift; path = ChannelsServiceFacade.swift; sourceTree = "<group>"; };
		5645D23F255947F50085285C /* FirebaseStorage.swift */ = {isa = PBXFileReference; lastKnownFileType = sourcecode.swift; path = FirebaseStorage.swift; sourceTree = "<group>"; };
		56481C3C2537375A00B52E20 /* ProfileOperationService.swift */ = {isa = PBXFileReference; lastKnownFileType = sourcecode.swift; path = ProfileOperationService.swift; sourceTree = "<group>"; };
		56481C4025373C1000B52E20 /* Profile.swift */ = {isa = PBXFileReference; lastKnownFileType = sourcecode.swift; path = Profile.swift; sourceTree = "<group>"; };
		56481C442537A40F00B52E20 /* SaveProfileOperation.swift */ = {isa = PBXFileReference; lastKnownFileType = sourcecode.swift; path = SaveProfileOperation.swift; sourceTree = "<group>"; };
		56481C482537A59200B52E20 /* FileStorage.swift */ = {isa = PBXFileReference; lastKnownFileType = sourcecode.swift; path = FileStorage.swift; sourceTree = "<group>"; };
		56481C4B2537AA1200B52E20 /* LoadProfileOperation.swift */ = {isa = PBXFileReference; lastKnownFileType = sourcecode.swift; path = LoadProfileOperation.swift; sourceTree = "<group>"; };
		5658D9D925818899002B30EB /* Config.debug.xcconfig */ = {isa = PBXFileReference; lastKnownFileType = text.xcconfig; path = Config.debug.xcconfig; sourceTree = "<group>"; };
		5658D9E32581973E002B30EB /* Config.release.xcconfig */ = {isa = PBXFileReference; lastKnownFileType = text.xcconfig; path = Config.release.xcconfig; sourceTree = "<group>"; };
		5667A1312572CC3A00FE3999 /* UIView+Extensions.swift */ = {isa = PBXFileReference; lastKnownFileType = sourcecode.swift; path = "UIView+Extensions.swift"; sourceTree = "<group>"; };
		5667A1352572F0BB00FE3999 /* CircleTransitionAnimator.swift */ = {isa = PBXFileReference; lastKnownFileType = sourcecode.swift; path = CircleTransitionAnimator.swift; sourceTree = "<group>"; };
		567244C92558B44F00B8967F /* RootAssembly.swift */ = {isa = PBXFileReference; lastKnownFileType = sourcecode.swift; path = RootAssembly.swift; sourceTree = "<group>"; };
		567244CD2558B4C600B8967F /* CoreAssembly.swift */ = {isa = PBXFileReference; lastKnownFileType = sourcecode.swift; path = CoreAssembly.swift; sourceTree = "<group>"; };
		567244D12558B56200B8967F /* ServiceAssembly.swift */ = {isa = PBXFileReference; lastKnownFileType = sourcecode.swift; path = ServiceAssembly.swift; sourceTree = "<group>"; };
		567244D62558B61F00B8967F /* PresentationAssembly.swift */ = {isa = PBXFileReference; lastKnownFileType = sourcecode.swift; path = PresentationAssembly.swift; sourceTree = "<group>"; };
		5679C25B256717AB00989F43 /* Hit.swift */ = {isa = PBXFileReference; fileEncoding = 4; lastKnownFileType = sourcecode.swift; path = Hit.swift; sourceTree = "<group>"; };
		5679C25C256717AB00989F43 /* PixabayImages.swift */ = {isa = PBXFileReference; fileEncoding = 4; lastKnownFileType = sourcecode.swift; path = PixabayImages.swift; sourceTree = "<group>"; };
		5679C25E256717AB00989F43 /* ProfileImagesViewController.storyboard */ = {isa = PBXFileReference; fileEncoding = 4; lastKnownFileType = file.storyboard; path = ProfileImagesViewController.storyboard; sourceTree = "<group>"; };
		5679C25F256717AB00989F43 /* ProfileImagesViewController.swift */ = {isa = PBXFileReference; fileEncoding = 4; lastKnownFileType = sourcecode.swift; path = ProfileImagesViewController.swift; sourceTree = "<group>"; };
		5679C268256726CB00989F43 /* ProfileImagesService.swift */ = {isa = PBXFileReference; lastKnownFileType = sourcecode.swift; path = ProfileImagesService.swift; sourceTree = "<group>"; };
		5679C26D25672A8800989F43 /* ProfileImagesModel.swift */ = {isa = PBXFileReference; lastKnownFileType = sourcecode.swift; path = ProfileImagesModel.swift; sourceTree = "<group>"; };
		5679C273256734C800989F43 /* ProfileImagesCollectionViewDataSource.swift */ = {isa = PBXFileReference; lastKnownFileType = sourcecode.swift; path = ProfileImagesCollectionViewDataSource.swift; sourceTree = "<group>"; };
		5679C276256737C700989F43 /* ProfileImagesCollectionViewDelegate.swift */ = {isa = PBXFileReference; lastKnownFileType = sourcecode.swift; path = ProfileImagesCollectionViewDelegate.swift; sourceTree = "<group>"; };
		5679C27A25673AB900989F43 /* ProfileImagesCollectionViewCell.swift */ = {isa = PBXFileReference; lastKnownFileType = sourcecode.swift; path = ProfileImagesCollectionViewCell.swift; sourceTree = "<group>"; };
		5679C27D25673E0E00989F43 /* ProfileImagesCollectionViewCell.xib */ = {isa = PBXFileReference; lastKnownFileType = file.xib; path = ProfileImagesCollectionViewCell.xib; sourceTree = "<group>"; };
		567E07D42537BC91007133D1 /* ProfileServiceFacade.swift */ = {isa = PBXFileReference; lastKnownFileType = sourcecode.swift; path = ProfileServiceFacade.swift; sourceTree = "<group>"; };
		567ECB6A255DEBF500DD292A /* ConversationModel.swift */ = {isa = PBXFileReference; lastKnownFileType = sourcecode.swift; path = ConversationModel.swift; sourceTree = "<group>"; };
		567ECB6D255DED3500DD292A /* ConversationTableViewDataSource.swift */ = {isa = PBXFileReference; lastKnownFileType = sourcecode.swift; path = ConversationTableViewDataSource.swift; sourceTree = "<group>"; };
		567ECB76255DEF2A00DD292A /* MessagesServiceFacade.swift */ = {isa = PBXFileReference; lastKnownFileType = sourcecode.swift; path = MessagesServiceFacade.swift; sourceTree = "<group>"; };
		567ECB7A255DEF4000DD292A /* MessagesFirebaseService.swift */ = {isa = PBXFileReference; lastKnownFileType = sourcecode.swift; path = MessagesFirebaseService.swift; sourceTree = "<group>"; };
		567ECB7D255DEF5500DD292A /* MessagesCoreDataService.swift */ = {isa = PBXFileReference; lastKnownFileType = sourcecode.swift; path = MessagesCoreDataService.swift; sourceTree = "<group>"; };
		567F3CF1252260B10078A709 /* ConversationsListViewController.storyboard */ = {isa = PBXFileReference; lastKnownFileType = file.storyboard; path = ConversationsListViewController.storyboard; sourceTree = "<group>"; };
		567F3CF5252261B40078A709 /* ConversationsListViewController.swift */ = {isa = PBXFileReference; lastKnownFileType = sourcecode.swift; path = ConversationsListViewController.swift; sourceTree = "<group>"; };
		567F3CFD252262D70078A709 /* ConversationViewController.storyboard */ = {isa = PBXFileReference; lastKnownFileType = file.storyboard; path = ConversationViewController.storyboard; sourceTree = "<group>"; };
		567F3D00252262F40078A709 /* ConversationViewController.swift */ = {isa = PBXFileReference; lastKnownFileType = sourcecode.swift; path = ConversationViewController.swift; sourceTree = "<group>"; };
		567F3D172523EB440078A709 /* ConversationsListTableViewCell.swift */ = {isa = PBXFileReference; lastKnownFileType = sourcecode.swift; path = ConversationsListTableViewCell.swift; sourceTree = "<group>"; };
		567F3D182523EB440078A709 /* ConversationsListTableViewCell.xib */ = {isa = PBXFileReference; lastKnownFileType = file.xib; path = ConversationsListTableViewCell.xib; sourceTree = "<group>"; };
		567F3D242524C7CF0078A709 /* ConversationTableViewCell.swift */ = {isa = PBXFileReference; lastKnownFileType = sourcecode.swift; path = ConversationTableViewCell.swift; sourceTree = "<group>"; };
		567F3D252524C7CF0078A709 /* IncomingConversationTableViewCell.xib */ = {isa = PBXFileReference; lastKnownFileType = file.xib; path = IncomingConversationTableViewCell.xib; sourceTree = "<group>"; };
		567F3D2A2524CA3E0078A709 /* OutgoingConversationTableViewCell.xib */ = {isa = PBXFileReference; lastKnownFileType = file.xib; path = OutgoingConversationTableViewCell.xib; sourceTree = "<group>"; };
		567F3D32252508470078A709 /* ConfigurableView.swift */ = {isa = PBXFileReference; lastKnownFileType = sourcecode.swift; path = ConfigurableView.swift; sourceTree = "<group>"; };
		5682E5E625335B24009CE1BE /* BaseViewController.swift */ = {isa = PBXFileReference; lastKnownFileType = sourcecode.swift; path = BaseViewController.swift; sourceTree = "<group>"; };
		568AE4BE251B1DC8001277F1 /* SF-Pro-Text-Regular.otf */ = {isa = PBXFileReference; lastKnownFileType = file; path = "SF-Pro-Text-Regular.otf"; sourceTree = "<group>"; };
		568AE4CB251B1DCE001277F1 /* SF-Pro-Display-Bold.otf */ = {isa = PBXFileReference; lastKnownFileType = file; path = "SF-Pro-Display-Bold.otf"; sourceTree = "<group>"; };
		568AE4CE251B1DCF001277F1 /* SF-Pro-Text-Semibold.otf */ = {isa = PBXFileReference; lastKnownFileType = file; path = "SF-Pro-Text-Semibold.otf"; sourceTree = "<group>"; };
		568AE50B251B3315001277F1 /* Roboto-Regular.otf */ = {isa = PBXFileReference; lastKnownFileType = file; path = "Roboto-Regular.otf"; sourceTree = "<group>"; };
		5690FC47256D85A3003CC198 /* RequestsFactory.swift */ = {isa = PBXFileReference; lastKnownFileType = sourcecode.swift; path = RequestsFactory.swift; sourceTree = "<group>"; };
		5690FC4B256D8683003CC198 /* RequestSender.swift */ = {isa = PBXFileReference; lastKnownFileType = sourcecode.swift; path = RequestSender.swift; sourceTree = "<group>"; };
		5690FC4F256D87DC003CC198 /* ParserProtocol.swift */ = {isa = PBXFileReference; lastKnownFileType = sourcecode.swift; path = ParserProtocol.swift; sourceTree = "<group>"; };
		5690FC53256D8866003CC198 /* PixabayParser.swift */ = {isa = PBXFileReference; lastKnownFileType = sourcecode.swift; path = PixabayParser.swift; sourceTree = "<group>"; };
		5690FC57256DB71C003CC198 /* RequestProtocol.swift */ = {isa = PBXFileReference; lastKnownFileType = sourcecode.swift; path = RequestProtocol.swift; sourceTree = "<group>"; };
		5690FC5B256DB75A003CC198 /* PixabayImageRequest.swift */ = {isa = PBXFileReference; lastKnownFileType = sourcecode.swift; path = PixabayImageRequest.swift; sourceTree = "<group>"; };
		569FE3832537ADC9002820CB /* AsyncOperation.swift */ = {isa = PBXFileReference; lastKnownFileType = sourcecode.swift; path = AsyncOperation.swift; sourceTree = "<group>"; };
		56B78B8B254B40A800055F1E /* Chats.xcdatamodel */ = {isa = PBXFileReference; lastKnownFileType = wrapper.xcdatamodel; path = Chats.xcdatamodel; sourceTree = "<group>"; };
		56BB5C73253BA0E50067265D /* GoogleService-Info.plist */ = {isa = PBXFileReference; fileEncoding = 4; lastKnownFileType = text.plist.xml; path = "GoogleService-Info.plist"; sourceTree = "<group>"; };
		56BD29EC2510C441003633A3 /* Logger.swift */ = {isa = PBXFileReference; lastKnownFileType = sourcecode.swift; path = Logger.swift; sourceTree = "<group>"; };
		56C06A18255D358300CE20C0 /* ChannelsFirebaseService.swift */ = {isa = PBXFileReference; lastKnownFileType = sourcecode.swift; path = ChannelsFirebaseService.swift; sourceTree = "<group>"; };
		56C06A1B255D3DBC00CE20C0 /* ChannelsCoreDataService.swift */ = {isa = PBXFileReference; lastKnownFileType = sourcecode.swift; path = ChannelsCoreDataService.swift; sourceTree = "<group>"; };
		56C06A1F255D5F9C00CE20C0 /* ConversationsListTableViewDataSource.swift */ = {isa = PBXFileReference; lastKnownFileType = sourcecode.swift; path = ConversationsListTableViewDataSource.swift; sourceTree = "<group>"; };
		56C06A25255D626600CE20C0 /* ConversationsListTableViewDelegate.swift */ = {isa = PBXFileReference; lastKnownFileType = sourcecode.swift; path = ConversationsListTableViewDelegate.swift; sourceTree = "<group>"; };
		56C06A29255D9E6C00CE20C0 /* Channel.swift */ = {isa = PBXFileReference; lastKnownFileType = sourcecode.swift; path = Channel.swift; sourceTree = "<group>"; };
		56CECC6825403B8C00EFB86E /* Message.swift */ = {isa = PBXFileReference; lastKnownFileType = sourcecode.swift; path = Message.swift; sourceTree = "<group>"; };
		56CECC8625421AF600EFB86E /* String+Extensions.swift */ = {isa = PBXFileReference; lastKnownFileType = sourcecode.swift; path = "String+Extensions.swift"; sourceTree = "<group>"; };
		56D5183C257ADE4A007F7DC9 /* TalkersUITests.xctest */ = {isa = PBXFileReference; explicitFileType = wrapper.cfbundle; includeInIndex = 0; path = TalkersUITests.xctest; sourceTree = BUILT_PRODUCTS_DIR; };
		56D5183E257ADE4A007F7DC9 /* ProfileViewControllerUITests.swift */ = {isa = PBXFileReference; lastKnownFileType = sourcecode.swift; path = ProfileViewControllerUITests.swift; sourceTree = "<group>"; };
		56D51840257ADE4B007F7DC9 /* Info.plist */ = {isa = PBXFileReference; lastKnownFileType = text.plist.xml; path = Info.plist; sourceTree = "<group>"; };
		56DFBA582569A8B500DC2C65 /* ProfileImagesCellModel.swift */ = {isa = PBXFileReference; lastKnownFileType = sourcecode.swift; path = ProfileImagesCellModel.swift; sourceTree = "<group>"; };
		56DFF84D25763FDC003A1AB4 /* TalkersTests.xctest */ = {isa = PBXFileReference; explicitFileType = wrapper.cfbundle; includeInIndex = 0; path = TalkersTests.xctest; sourceTree = BUILT_PRODUCTS_DIR; };
		56DFF85125763FDD003A1AB4 /* Info.plist */ = {isa = PBXFileReference; lastKnownFileType = text.plist.xml; path = Info.plist; sourceTree = "<group>"; };
		56E060F4256F1904006BDA4A /* TremblingButtonAnimator.swift */ = {isa = PBXFileReference; lastKnownFileType = sourcecode.swift; path = TremblingButtonAnimator.swift; sourceTree = "<group>"; };
		77CE560EC1CD955D380D217E /* Pods-Talkers.debug.xcconfig */ = {isa = PBXFileReference; includeInIndex = 1; lastKnownFileType = text.xcconfig; name = "Pods-Talkers.debug.xcconfig"; path = "Target Support Files/Pods-Talkers/Pods-Talkers.debug.xcconfig"; sourceTree = "<group>"; };
		7CED94B2CFD319737AF88AB5 /* Pods-TalkersUITests.release.xcconfig */ = {isa = PBXFileReference; includeInIndex = 1; lastKnownFileType = text.xcconfig; name = "Pods-TalkersUITests.release.xcconfig"; path = "Target Support Files/Pods-TalkersUITests/Pods-TalkersUITests.release.xcconfig"; sourceTree = "<group>"; };
		88731DAC9DEA103D4F8CAB0D /* Pods-TalkersUITests.debug.xcconfig */ = {isa = PBXFileReference; includeInIndex = 1; lastKnownFileType = text.xcconfig; name = "Pods-TalkersUITests.debug.xcconfig"; path = "Target Support Files/Pods-TalkersUITests/Pods-TalkersUITests.debug.xcconfig"; sourceTree = "<group>"; };
		D8D1AD4DE5120AE3A488D503 /* Pods-TalkersTests.release.xcconfig */ = {isa = PBXFileReference; includeInIndex = 1; lastKnownFileType = text.xcconfig; name = "Pods-TalkersTests.release.xcconfig"; path = "Target Support Files/Pods-TalkersTests/Pods-TalkersTests.release.xcconfig"; sourceTree = "<group>"; };
		E7659CD1767238E9F4EFC767 /* Pods_Talkers.framework */ = {isa = PBXFileReference; explicitFileType = wrapper.framework; includeInIndex = 0; path = Pods_Talkers.framework; sourceTree = BUILT_PRODUCTS_DIR; };
		EDE39EA7B5DFC32FBB967C84 /* Pods_TalkersTests.framework */ = {isa = PBXFileReference; explicitFileType = wrapper.framework; includeInIndex = 0; path = Pods_TalkersTests.framework; sourceTree = BUILT_PRODUCTS_DIR; };
/* End PBXFileReference section */

/* Begin PBXFrameworksBuildPhase section */
		560D4638250AD21300E5A610 /* Frameworks */ = {
			isa = PBXFrameworksBuildPhase;
			buildActionMask = 2147483647;
			files = (
				68875600CF64A62948C5788A /* Pods_Talkers.framework in Frameworks */,
			);
			runOnlyForDeploymentPostprocessing = 0;
		};
		56D51839257ADE4A007F7DC9 /* Frameworks */ = {
			isa = PBXFrameworksBuildPhase;
			buildActionMask = 2147483647;
			files = (
				15594C6881D8D8AC2B7749F1 /* Pods_TalkersUITests.framework in Frameworks */,
			);
			runOnlyForDeploymentPostprocessing = 0;
		};
		56DFF84A25763FDC003A1AB4 /* Frameworks */ = {
			isa = PBXFrameworksBuildPhase;
			buildActionMask = 2147483647;
			files = (
				2A29CD4F57CCDD380499ADAB /* Pods_TalkersTests.framework in Frameworks */,
			);
			runOnlyForDeploymentPostprocessing = 0;
		};
/* End PBXFrameworksBuildPhase section */

/* Begin PBXGroup section */
		338968455562CD1386CEF658 /* Pods */ = {
			isa = PBXGroup;
			children = (
				77CE560EC1CD955D380D217E /* Pods-Talkers.debug.xcconfig */,
				20B62A7FF73E0732E696BAFC /* Pods-Talkers.release.xcconfig */,
				226E1FD79CF245A94E7E1353 /* Pods-TalkersTests.debug.xcconfig */,
				D8D1AD4DE5120AE3A488D503 /* Pods-TalkersTests.release.xcconfig */,
				88731DAC9DEA103D4F8CAB0D /* Pods-TalkersUITests.debug.xcconfig */,
				7CED94B2CFD319737AF88AB5 /* Pods-TalkersUITests.release.xcconfig */,
			);
			path = Pods;
			sourceTree = "<group>";
		};
		560D4632250AD21300E5A610 = {
			isa = PBXGroup;
			children = (
				560D463D250AD21300E5A610 /* Talkers */,
				56DFF84E25763FDD003A1AB4 /* TalkersTests */,
				56298CB6257A3BD3006034E7 /* TalkersUITests */,
				56D5183D257ADE4A007F7DC9 /* TalkersUITests */,
				560D463C250AD21300E5A610 /* Products */,
				338968455562CD1386CEF658 /* Pods */,
				807132F155207779429B0208 /* Frameworks */,
			);
			sourceTree = "<group>";
		};
		560D463C250AD21300E5A610 /* Products */ = {
			isa = PBXGroup;
			children = (
				560D463B250AD21300E5A610 /* Talkers.app */,
				56DFF84D25763FDC003A1AB4 /* TalkersTests.xctest */,
				56D5183C257ADE4A007F7DC9 /* TalkersUITests.xctest */,
			);
			name = Products;
			sourceTree = "<group>";
		};
		560D463D250AD21300E5A610 /* Talkers */ = {
			isa = PBXGroup;
			children = (
				567F3D0D252372EA0078A709 /* App */,
				567244C22558B3D800B8967F /* PresentationLayer */,
				567244C42558B3E800B8967F /* ServiceLayer */,
				567244C52558B3F400B8967F /* CoreLayer */,
				56107B29252E6D0D0049BFA7 /* Extensions */,
				567F3D08252266230078A709 /* SupportingFiles */,
				56B78B8A254B40A800055F1E /* Chats.xcdatamodeld */,
				567244C92558B44F00B8967F /* RootAssembly.swift */,
				5658D9D925818899002B30EB /* Config.debug.xcconfig */,
				5658D9E32581973E002B30EB /* Config.release.xcconfig */,
			);
			path = Talkers;
			sourceTree = "<group>";
		};
		56107B29252E6D0D0049BFA7 /* Extensions */ = {
			isa = PBXGroup;
			children = (
				56CECC8625421AF600EFB86E /* String+Extensions.swift */,
				56107B26252E61CA0049BFA7 /* UIColor+Extentions.swift */,
				56107B1C252E37A20049BFA7 /* UIViewController+Extentions.swift */,
				5667A1312572CC3A00FE3999 /* UIView+Extensions.swift */,
				560231132574341A00FBA863 /* UIBarButtonItem+Extensions.swift */,
			);
			path = Extensions;
			sourceTree = "<group>";
		};
		5612ED91252A7205003A5955 /* Themes */ = {
			isa = PBXGroup;
			children = (
				56107B14252D215A0049BFA7 /* ThemesService.swift */,
			);
			path = Themes;
			sourceTree = "<group>";
		};
		5612ED9E252A7736003A5955 /* ThemeButton */ = {
			isa = PBXGroup;
			children = (
				5612ED98252A76D2003A5955 /* ThemeButton.swift */,
				5612ED9B252A772D003A5955 /* ThemeButton.xib */,
			);
			path = ThemeButton;
			sourceTree = "<group>";
		};
		56298CB6257A3BD3006034E7 /* TalkersUITests */ = {
			isa = PBXGroup;
			children = (
				56298CB7257A3BD3006034E7 /* ProfileViewControllerUITests.swift */,
				56298CB9257A3BD3006034E7 /* Info.plist */,
			);
			path = TalkersUITests;
			sourceTree = "<group>";
		};
		562FD737257966550033F15A /* Profile */ = {
			isa = PBXGroup;
			children = (
				562FD7382579667D0033F15A /* ProfileGCDServiceTests.swift */,
			);
			path = Profile;
			sourceTree = "<group>";
		};
		563362C52576D1F800FB97BE /* ServiceLayer */ = {
			isa = PBXGroup;
			children = (
				5641D7B625798D6B00164C17 /* Messages */,
				562FD737257966550033F15A /* Profile */,
				563362C62576D1F800FB97BE /* Channels */,
			);
			path = ServiceLayer;
			sourceTree = "<group>";
		};
		563362C62576D1F800FB97BE /* Channels */ = {
			isa = PBXGroup;
			children = (
				563362C72576D23300FB97BE /* ChannelsFirebaseServiceTests.swift */,
			);
			path = Channels;
			sourceTree = "<group>";
		};
		5641D7B625798D6B00164C17 /* Messages */ = {
			isa = PBXGroup;
			children = (
				5641D7B72579909B00164C17 /* MessagesCoreDataServiceTests.swift */,
				5641D7C525799BCD00164C17 /* MessagesFirebaseServiceTests.swift */,
			);
			path = Messages;
			sourceTree = "<group>";
		};
		5641D7CB25799CCE00164C17 /* Mocks */ = {
			isa = PBXGroup;
			children = (
				5641D7BD2579918900164C17 /* ChannelsCoreDataServiceMock.swift */,
				5641D7C12579923700164C17 /* CoreDataStackMock.swift */,
				562FD73E2579672B0033F15A /* FileStorageMock.swift */,
				5610E9DF2577130600499EBF /* FirebaseStorageMock.swift */,
			);
			path = Mocks;
			sourceTree = "<group>";
		};
		5643F5BC2571AB8F00BFB672 /* TinkoffEmblem */ = {
			isa = PBXGroup;
			children = (
				5643F5BD2571ABB600BFB672 /* TinkoffEmblemAnimator.swift */,
			);
			path = TinkoffEmblem;
			sourceTree = "<group>";
		};
		5645D2302559333F0085285C /* Modules */ = {
			isa = PBXGroup;
			children = (
				5679C257256717AB00989F43 /* ProfileImagesViewController */,
				567ECB65255DE9D100DD292A /* ConversationViewController */,
				5645D231255933690085285C /* ConversationsListViewController */,
				56B96E52255E90AC00ED3CF3 /* ProfileViewController */,
				56B96E55255E911E00ED3CF3 /* ThemesViewController */,
				5682E5E625335B24009CE1BE /* BaseViewController.swift */,
				567F3D32252508470078A709 /* ConfigurableView.swift */,
			);
			path = Modules;
			sourceTree = "<group>";
		};
		5645D231255933690085285C /* ConversationsListViewController */ = {
			isa = PBXGroup;
			children = (
				56C06A28255D9E4C00CE20C0 /* Model */,
				56EA9382255DD78300F043CB /* View */,
				56C06A1E255D5F7700CE20C0 /* Delegates */,
			);
			path = ConversationsListViewController;
			sourceTree = "<group>";
		};
		5645D237255945CB0085285C /* Services */ = {
			isa = PBXGroup;
			children = (
				5679C2672567269C00989F43 /* ProfileImages */,
				567ECB75255DEF1900DD292A /* Messages */,
				567ECB73255DEF0D00DD292A /* Channels */,
				56BB5C7A253D7CF00067265D /* Profile */,
				5612ED91252A7205003A5955 /* Themes */,
			);
			path = Services;
			sourceTree = "<group>";
		};
		5645D23B255947910085285C /* Storage */ = {
			isa = PBXGroup;
			children = (
				5645D23F255947F50085285C /* FirebaseStorage.swift */,
				561E5B732559F62C00C0B13F /* CoreDataStorage.swift */,
				56481C482537A59200B52E20 /* FileStorage.swift */,
			);
			path = Storage;
			sourceTree = "<group>";
		};
		56481C432537A3DD00B52E20 /* Operations */ = {
			isa = PBXGroup;
			children = (
				569FE3832537ADC9002820CB /* AsyncOperation.swift */,
				56481C4B2537AA1200B52E20 /* LoadProfileOperation.swift */,
				56481C442537A40F00B52E20 /* SaveProfileOperation.swift */,
			);
			path = Operations;
			sourceTree = "<group>";
		};
		5667A1342572F08500FE3999 /* CircleTransitionAnimator */ = {
			isa = PBXGroup;
			children = (
				5667A1352572F0BB00FE3999 /* CircleTransitionAnimator.swift */,
			);
			path = CircleTransitionAnimator;
			sourceTree = "<group>";
		};
		567244C22558B3D800B8967F /* PresentationLayer */ = {
			isa = PBXGroup;
			children = (
				56E060F2256F17BC006BDA4A /* Animations */,
				567244D52558B60E00B8967F /* Assembly */,
				5645D2302559333F0085285C /* Modules */,
			);
			path = PresentationLayer;
			sourceTree = "<group>";
		};
		567244C42558B3E800B8967F /* ServiceLayer */ = {
			isa = PBXGroup;
			children = (
				567244D02558B55000B8967F /* Assembly */,
				5645D237255945CB0085285C /* Services */,
			);
			path = ServiceLayer;
			sourceTree = "<group>";
		};
		567244C52558B3F400B8967F /* CoreLayer */ = {
			isa = PBXGroup;
			children = (
				567244CC2558B4B600B8967F /* Assembly */,
				56C06A16255BEE8A00CE20C0 /* CoreDataStack */,
				567F3D0E252373220078A709 /* Logger */,
				56DFBA532568346800DC2C65 /* Network */,
				56481C432537A3DD00B52E20 /* Operations */,
				5645D23B255947910085285C /* Storage */,
			);
			path = CoreLayer;
			sourceTree = "<group>";
		};
		567244CC2558B4B600B8967F /* Assembly */ = {
			isa = PBXGroup;
			children = (
				567244CD2558B4C600B8967F /* CoreAssembly.swift */,
			);
			path = Assembly;
			sourceTree = "<group>";
		};
		567244D02558B55000B8967F /* Assembly */ = {
			isa = PBXGroup;
			children = (
				567244D12558B56200B8967F /* ServiceAssembly.swift */,
			);
			path = Assembly;
			sourceTree = "<group>";
		};
		567244D52558B60E00B8967F /* Assembly */ = {
			isa = PBXGroup;
			children = (
				567244D62558B61F00B8967F /* PresentationAssembly.swift */,
			);
			path = Assembly;
			sourceTree = "<group>";
		};
		5679C257256717AB00989F43 /* ProfileImagesViewController */ = {
			isa = PBXGroup;
			children = (
				5679C25A256717AB00989F43 /* Model */,
				5679C25D256717AB00989F43 /* View */,
				5679C2722567348000989F43 /* Delegates */,
			);
			path = ProfileImagesViewController;
			sourceTree = "<group>";
		};
		5679C25A256717AB00989F43 /* Model */ = {
			isa = PBXGroup;
			children = (
				5679C25B256717AB00989F43 /* Hit.swift */,
				5679C25C256717AB00989F43 /* PixabayImages.swift */,
				5679C26D25672A8800989F43 /* ProfileImagesModel.swift */,
				56DFBA582569A8B500DC2C65 /* ProfileImagesCellModel.swift */,
			);
			path = Model;
			sourceTree = "<group>";
		};
		5679C25D256717AB00989F43 /* View */ = {
			isa = PBXGroup;
			children = (
				5679C27925673A8A00989F43 /* Cell */,
				5679C25F256717AB00989F43 /* ProfileImagesViewController.swift */,
				5679C25E256717AB00989F43 /* ProfileImagesViewController.storyboard */,
			);
			path = View;
			sourceTree = "<group>";
		};
		5679C2672567269C00989F43 /* ProfileImages */ = {
			isa = PBXGroup;
			children = (
				5679C268256726CB00989F43 /* ProfileImagesService.swift */,
			);
			path = ProfileImages;
			sourceTree = "<group>";
		};
		5679C2722567348000989F43 /* Delegates */ = {
			isa = PBXGroup;
			children = (
				5679C273256734C800989F43 /* ProfileImagesCollectionViewDataSource.swift */,
				5679C276256737C700989F43 /* ProfileImagesCollectionViewDelegate.swift */,
			);
			path = Delegates;
			sourceTree = "<group>";
		};
		5679C27925673A8A00989F43 /* Cell */ = {
			isa = PBXGroup;
			children = (
				5679C27A25673AB900989F43 /* ProfileImagesCollectionViewCell.swift */,
				5679C27D25673E0E00989F43 /* ProfileImagesCollectionViewCell.xib */,
			);
			path = Cell;
			sourceTree = "<group>";
		};
		567ECB65255DE9D100DD292A /* ConversationViewController */ = {
			isa = PBXGroup;
			children = (
				567ECB66255DEA2100DD292A /* Model */,
				567ECB67255DEA2700DD292A /* View */,
				567ECB68255DEA3300DD292A /* Delegates */,
			);
			path = ConversationViewController;
			sourceTree = "<group>";
		};
		567ECB66255DEA2100DD292A /* Model */ = {
			isa = PBXGroup;
			children = (
				56CECC6825403B8C00EFB86E /* Message.swift */,
				5607706D254EBA0D0021DF4E /* MessageMO+Extensions.swift */,
				567ECB6A255DEBF500DD292A /* ConversationModel.swift */,
			);
			path = Model;
			sourceTree = "<group>";
		};
		567ECB67255DEA2700DD292A /* View */ = {
			isa = PBXGroup;
			children = (
				567F3D222524C74F0078A709 /* Cells */,
				567F3D00252262F40078A709 /* ConversationViewController.swift */,
				567F3CFD252262D70078A709 /* ConversationViewController.storyboard */,
			);
			path = View;
			sourceTree = "<group>";
		};
		567ECB68255DEA3300DD292A /* Delegates */ = {
			isa = PBXGroup;
			children = (
				567ECB6D255DED3500DD292A /* ConversationTableViewDataSource.swift */,
			);
			path = Delegates;
			sourceTree = "<group>";
		};
		567ECB73255DEF0D00DD292A /* Channels */ = {
			isa = PBXGroup;
			children = (
				5645D238255945F30085285C /* ChannelsServiceFacade.swift */,
				56C06A18255D358300CE20C0 /* ChannelsFirebaseService.swift */,
				56C06A1B255D3DBC00CE20C0 /* ChannelsCoreDataService.swift */,
			);
			path = Channels;
			sourceTree = "<group>";
		};
		567ECB75255DEF1900DD292A /* Messages */ = {
			isa = PBXGroup;
			children = (
				567ECB76255DEF2A00DD292A /* MessagesServiceFacade.swift */,
				567ECB7A255DEF4000DD292A /* MessagesFirebaseService.swift */,
				567ECB7D255DEF5500DD292A /* MessagesCoreDataService.swift */,
			);
			path = Messages;
			sourceTree = "<group>";
		};
		567F3D08252266230078A709 /* SupportingFiles */ = {
			isa = PBXGroup;
			children = (
				560D4647250AD21A00E5A610 /* Assets.xcassets */,
				568AE4BA251B1C4E001277F1 /* Fonts */,
				56BB5C73253BA0E50067265D /* GoogleService-Info.plist */,
				560D464C250AD21A00E5A610 /* Info.plist */,
				560D4649250AD21A00E5A610 /* LaunchScreen.storyboard */,
			);
			path = SupportingFiles;
			sourceTree = "<group>";
		};
		567F3D0D252372EA0078A709 /* App */ = {
			isa = PBXGroup;
			children = (
				560D463E250AD21300E5A610 /* AppDelegate.swift */,
			);
			path = App;
			sourceTree = "<group>";
		};
		567F3D0E252373220078A709 /* Logger */ = {
			isa = PBXGroup;
			children = (
				56BD29EC2510C441003633A3 /* Logger.swift */,
			);
			path = Logger;
			sourceTree = "<group>";
		};
		567F3D1D2523F29C0078A709 /* Cell */ = {
			isa = PBXGroup;
			children = (
				567F3D172523EB440078A709 /* ConversationsListTableViewCell.swift */,
				567F3D182523EB440078A709 /* ConversationsListTableViewCell.xib */,
			);
			path = Cell;
			sourceTree = "<group>";
		};
		567F3D222524C74F0078A709 /* Cells */ = {
			isa = PBXGroup;
			children = (
				567F3D242524C7CF0078A709 /* ConversationTableViewCell.swift */,
				567F3D252524C7CF0078A709 /* IncomingConversationTableViewCell.xib */,
				567F3D2A2524CA3E0078A709 /* OutgoingConversationTableViewCell.xib */,
			);
			path = Cells;
			sourceTree = "<group>";
		};
		568AE4BA251B1C4E001277F1 /* Fonts */ = {
			isa = PBXGroup;
			children = (
				568AE50B251B3315001277F1 /* Roboto-Regular.otf */,
				568AE4CB251B1DCE001277F1 /* SF-Pro-Display-Bold.otf */,
				568AE4BE251B1DC8001277F1 /* SF-Pro-Text-Regular.otf */,
				568AE4CE251B1DCF001277F1 /* SF-Pro-Text-Semibold.otf */,
			);
			path = Fonts;
			sourceTree = "<group>";
		};
		5690FC4A256D8663003CC198 /* RequestSender */ = {
			isa = PBXGroup;
			children = (
				5690FC4B256D8683003CC198 /* RequestSender.swift */,
			);
			path = RequestSender;
			sourceTree = "<group>";
		};
		5690FC4E256D87CC003CC198 /* Parser */ = {
			isa = PBXGroup;
			children = (
				5690FC4F256D87DC003CC198 /* ParserProtocol.swift */,
				5690FC53256D8866003CC198 /* PixabayParser.swift */,
			);
			path = Parser;
			sourceTree = "<group>";
		};
		5690FC56256DB6D4003CC198 /* Request */ = {
			isa = PBXGroup;
			children = (
				5690FC57256DB71C003CC198 /* RequestProtocol.swift */,
				5690FC5B256DB75A003CC198 /* PixabayImageRequest.swift */,
			);
			path = Request;
			sourceTree = "<group>";
		};
		56B96E52255E90AC00ED3CF3 /* ProfileViewController */ = {
			isa = PBXGroup;
			children = (
				56B96E53255E90C800ED3CF3 /* Model */,
				56B96E54255E90D000ED3CF3 /* View */,
			);
			path = ProfileViewController;
			sourceTree = "<group>";
		};
		56B96E53255E90C800ED3CF3 /* Model */ = {
			isa = PBXGroup;
			children = (
				56481C4025373C1000B52E20 /* Profile.swift */,
				563CF0A62561C12100E164C3 /* ProfileModel.swift */,
			);
			path = Model;
			sourceTree = "<group>";
		};
		56B96E54255E90D000ED3CF3 /* View */ = {
			isa = PBXGroup;
			children = (
				560D4642250AD21300E5A610 /* ProfileViewController.swift */,
				560D4644250AD21300E5A610 /* ProfileViewController.storyboard */,
			);
			path = View;
			sourceTree = "<group>";
		};
		56B96E55255E911E00ED3CF3 /* ThemesViewController */ = {
			isa = PBXGroup;
			children = (
				56B96E56255E912D00ED3CF3 /* Model */,
				56B96E57255E913400ED3CF3 /* View */,
			);
			path = ThemesViewController;
			sourceTree = "<group>";
		};
		56B96E56255E912D00ED3CF3 /* Model */ = {
			isa = PBXGroup;
			children = (
				563CF0A2256119AC00E164C3 /* ThemeSettings.swift */,
				563CF09E25610A1000E164C3 /* ThemesModel.swift */,
			);
			path = Model;
			sourceTree = "<group>";
		};
		56B96E57255E913400ED3CF3 /* View */ = {
			isa = PBXGroup;
			children = (
				5612ED9E252A7736003A5955 /* ThemeButton */,
				5612ED92252A723E003A5955 /* ThemesViewController.swift */,
				5612ED95252A725D003A5955 /* ThemesViewController.storyboard */,
			);
			path = View;
			sourceTree = "<group>";
		};
		56BB5C7A253D7CF00067265D /* Profile */ = {
			isa = PBXGroup;
			children = (
				567E07D42537BC91007133D1 /* ProfileServiceFacade.swift */,
				5614C71A253337B20038464F /* ProfileGCDService.swift */,
				56481C3C2537375A00B52E20 /* ProfileOperationService.swift */,
			);
			path = Profile;
			sourceTree = "<group>";
		};
		56C06A16255BEE8A00CE20C0 /* CoreDataStack */ = {
			isa = PBXGroup;
			children = (
				561B82F325549C2A00D9B21D /* CoreDataStack.swift */,
			);
			path = CoreDataStack;
			sourceTree = "<group>";
		};
		56C06A1E255D5F7700CE20C0 /* Delegates */ = {
			isa = PBXGroup;
			children = (
				56C06A1F255D5F9C00CE20C0 /* ConversationsListTableViewDataSource.swift */,
				56C06A25255D626600CE20C0 /* ConversationsListTableViewDelegate.swift */,
			);
			path = Delegates;
			sourceTree = "<group>";
		};
		56C06A28255D9E4C00CE20C0 /* Model */ = {
			isa = PBXGroup;
			children = (
				56C06A29255D9E6C00CE20C0 /* Channel.swift */,
				56077068254D62250021DF4E /* ChannelMO+Extensions.swift */,
				5645D2322559340A0085285C /* ConversationsListModel.swift */,
			);
			path = Model;
			sourceTree = "<group>";
		};
		56D5183D257ADE4A007F7DC9 /* TalkersUITests */ = {
			isa = PBXGroup;
			children = (
				56D5183E257ADE4A007F7DC9 /* ProfileViewControllerUITests.swift */,
				56D51840257ADE4B007F7DC9 /* Info.plist */,
			);
			path = TalkersUITests;
			sourceTree = "<group>";
		};
		56DFBA532568346800DC2C65 /* Network */ = {
			isa = PBXGroup;
			children = (
				5690FC56256DB6D4003CC198 /* Request */,
				5690FC4E256D87CC003CC198 /* Parser */,
				5690FC4A256D8663003CC198 /* RequestSender */,
				5690FC47256D85A3003CC198 /* RequestsFactory.swift */,
			);
			path = Network;
			sourceTree = "<group>";
		};
		56DFF84E25763FDD003A1AB4 /* TalkersTests */ = {
			isa = PBXGroup;
			children = (
				5641D7CB25799CCE00164C17 /* Mocks */,
				563362C52576D1F800FB97BE /* ServiceLayer */,
				56DFF85125763FDD003A1AB4 /* Info.plist */,
			);
			path = TalkersTests;
			sourceTree = "<group>";
		};
		56E060F2256F17BC006BDA4A /* Animations */ = {
			isa = PBXGroup;
			children = (
				5667A1342572F08500FE3999 /* CircleTransitionAnimator */,
				5643F5BC2571AB8F00BFB672 /* TinkoffEmblem */,
				56E060F3256F1804006BDA4A /* TremblingButton */,
			);
			path = Animations;
			sourceTree = "<group>";
		};
		56E060F3256F1804006BDA4A /* TremblingButton */ = {
			isa = PBXGroup;
			children = (
				56E060F4256F1904006BDA4A /* TremblingButtonAnimator.swift */,
			);
			path = TremblingButton;
			sourceTree = "<group>";
		};
		56EA9382255DD78300F043CB /* View */ = {
			isa = PBXGroup;
			children = (
				567F3D1D2523F29C0078A709 /* Cell */,
				567F3CF5252261B40078A709 /* ConversationsListViewController.swift */,
				567F3CF1252260B10078A709 /* ConversationsListViewController.storyboard */,
			);
			path = View;
			sourceTree = "<group>";
		};
		807132F155207779429B0208 /* Frameworks */ = {
			isa = PBXGroup;
			children = (
				E7659CD1767238E9F4EFC767 /* Pods_Talkers.framework */,
				EDE39EA7B5DFC32FBB967C84 /* Pods_TalkersTests.framework */,
				38A7BE699092488D88AD6A9F /* Pods_TalkersUITests.framework */,
			);
			name = Frameworks;
			sourceTree = "<group>";
		};
/* End PBXGroup section */

/* Begin PBXNativeTarget section */
		560D463A250AD21300E5A610 /* Talkers */ = {
			isa = PBXNativeTarget;
			buildConfigurationList = 560D464F250AD21A00E5A610 /* Build configuration list for PBXNativeTarget "Talkers" */;
			buildPhases = (
				7BBB7E8B01C1CA0AD4D7981A /* [CP] Check Pods Manifest.lock */,
				56107B2E253262730049BFA7 /* ShellScript */,
				560D4637250AD21300E5A610 /* Sources */,
				560D4638250AD21300E5A610 /* Frameworks */,
				560D4639250AD21300E5A610 /* Resources */,
				F7B895B2AD74DCEDA5431FF3 /* [CP] Embed Pods Frameworks */,
			);
			buildRules = (
			);
			dependencies = (
			);
			name = Talkers;
			productName = Talkers;
			productReference = 560D463B250AD21300E5A610 /* Talkers.app */;
			productType = "com.apple.product-type.application";
		};
		56D5183B257ADE4A007F7DC9 /* TalkersUITests */ = {
			isa = PBXNativeTarget;
			buildConfigurationList = 56D51843257ADE4B007F7DC9 /* Build configuration list for PBXNativeTarget "TalkersUITests" */;
			buildPhases = (
				8BCA265D3F8A3127F68229D7 /* [CP] Check Pods Manifest.lock */,
				56D51838257ADE4A007F7DC9 /* Sources */,
				56D51839257ADE4A007F7DC9 /* Frameworks */,
				56D5183A257ADE4A007F7DC9 /* Resources */,
			);
			buildRules = (
			);
			dependencies = (
				56D51842257ADE4B007F7DC9 /* PBXTargetDependency */,
			);
			name = TalkersUITests;
			productName = TalkersUITests;
			productReference = 56D5183C257ADE4A007F7DC9 /* TalkersUITests.xctest */;
			productType = "com.apple.product-type.bundle.ui-testing";
		};
		56DFF84C25763FDC003A1AB4 /* TalkersTests */ = {
			isa = PBXNativeTarget;
			buildConfigurationList = 56DFF85625763FDD003A1AB4 /* Build configuration list for PBXNativeTarget "TalkersTests" */;
			buildPhases = (
				ED8DB3C068E10B7FEAD885BE /* [CP] Check Pods Manifest.lock */,
				56DFF84925763FDC003A1AB4 /* Sources */,
				56DFF84A25763FDC003A1AB4 /* Frameworks */,
				56DFF84B25763FDC003A1AB4 /* Resources */,
			);
			buildRules = (
			);
			dependencies = (
				56DFF85325763FDD003A1AB4 /* PBXTargetDependency */,
			);
			name = TalkersTests;
			productName = TalkersTests;
			productReference = 56DFF84D25763FDC003A1AB4 /* TalkersTests.xctest */;
			productType = "com.apple.product-type.bundle.unit-test";
		};
/* End PBXNativeTarget section */

/* Begin PBXProject section */
		560D4633250AD21300E5A610 /* Project object */ = {
			isa = PBXProject;
			attributes = {
				LastSwiftUpdateCheck = 1220;
				LastUpgradeCheck = 1200;
				ORGANIZATIONNAME = "Natalia Kazakova";
				TargetAttributes = {
					560D463A250AD21300E5A610 = {
						CreatedOnToolsVersion = 11.7;
					};
					56D5183B257ADE4A007F7DC9 = {
						CreatedOnToolsVersion = 12.2;
						TestTargetID = 560D463A250AD21300E5A610;
					};
					56DFF84C25763FDC003A1AB4 = {
						CreatedOnToolsVersion = 12.2;
						LastSwiftMigration = 1220;
						TestTargetID = 560D463A250AD21300E5A610;
					};
				};
			};
			buildConfigurationList = 560D4636250AD21300E5A610 /* Build configuration list for PBXProject "Talkers" */;
			compatibilityVersion = "Xcode 9.3";
			developmentRegion = en;
			hasScannedForEncodings = 0;
			knownRegions = (
				en,
				Base,
			);
			mainGroup = 560D4632250AD21300E5A610;
			productRefGroup = 560D463C250AD21300E5A610 /* Products */;
			projectDirPath = "";
			projectRoot = "";
			targets = (
				560D463A250AD21300E5A610 /* Talkers */,
				56DFF84C25763FDC003A1AB4 /* TalkersTests */,
				56D5183B257ADE4A007F7DC9 /* TalkersUITests */,
			);
		};
/* End PBXProject section */

/* Begin PBXResourcesBuildPhase section */
		560D4639250AD21300E5A610 /* Resources */ = {
			isa = PBXResourcesBuildPhase;
			buildActionMask = 2147483647;
			files = (
				567F3D2B2524CA3E0078A709 /* OutgoingConversationTableViewCell.xib in Resources */,
				568AE4EF251B1DD7001277F1 /* SF-Pro-Display-Bold.otf in Resources */,
				5679C263256717AB00989F43 /* ProfileImagesViewController.storyboard in Resources */,
				56BB5C74253BA0E50067265D /* GoogleService-Info.plist in Resources */,
				560D464B250AD21A00E5A610 /* LaunchScreen.storyboard in Resources */,
				567F3CF2252260B10078A709 /* ConversationsListViewController.storyboard in Resources */,
				5612ED96252A725D003A5955 /* ThemesViewController.storyboard in Resources */,
				5612ED9C252A772D003A5955 /* ThemeButton.xib in Resources */,
				560D4648250AD21A00E5A610 /* Assets.xcassets in Resources */,
				567F3D272524C7CF0078A709 /* IncomingConversationTableViewCell.xib in Resources */,
				560D4646250AD21300E5A610 /* ProfileViewController.storyboard in Resources */,
				5679C27E25673E0E00989F43 /* ProfileImagesCollectionViewCell.xib in Resources */,
				568AE50C251B3316001277F1 /* Roboto-Regular.otf in Resources */,
				567F3CFE252262D70078A709 /* ConversationViewController.storyboard in Resources */,
				568AE4E2251B1DD7001277F1 /* SF-Pro-Text-Regular.otf in Resources */,
				567F3D1A2523EB440078A709 /* ConversationsListTableViewCell.xib in Resources */,
				568AE4F2251B1DD7001277F1 /* SF-Pro-Text-Semibold.otf in Resources */,
			);
			runOnlyForDeploymentPostprocessing = 0;
		};
		56D5183A257ADE4A007F7DC9 /* Resources */ = {
			isa = PBXResourcesBuildPhase;
			buildActionMask = 2147483647;
			files = (
			);
			runOnlyForDeploymentPostprocessing = 0;
		};
		56DFF84B25763FDC003A1AB4 /* Resources */ = {
			isa = PBXResourcesBuildPhase;
			buildActionMask = 2147483647;
			files = (
			);
			runOnlyForDeploymentPostprocessing = 0;
		};
/* End PBXResourcesBuildPhase section */

/* Begin PBXShellScriptBuildPhase section */
		56107B2E253262730049BFA7 /* ShellScript */ = {
			isa = PBXShellScriptBuildPhase;
			buildActionMask = 2147483647;
			files = (
			);
			inputFileListPaths = (
			);
			inputPaths = (
			);
			outputFileListPaths = (
			);
			outputPaths = (
			);
			runOnlyForDeploymentPostprocessing = 0;
			shellPath = /bin/sh;
			shellScript = "# Type a script or drag a script file from your workspace to insert its path.\n\"${PODS_ROOT}/SwiftLint/swiftlint\"\n";
		};
		7BBB7E8B01C1CA0AD4D7981A /* [CP] Check Pods Manifest.lock */ = {
			isa = PBXShellScriptBuildPhase;
			buildActionMask = 2147483647;
			files = (
			);
			inputFileListPaths = (
			);
			inputPaths = (
				"${PODS_PODFILE_DIR_PATH}/Podfile.lock",
				"${PODS_ROOT}/Manifest.lock",
			);
			name = "[CP] Check Pods Manifest.lock";
			outputFileListPaths = (
			);
			outputPaths = (
				"$(DERIVED_FILE_DIR)/Pods-Talkers-checkManifestLockResult.txt",
			);
			runOnlyForDeploymentPostprocessing = 0;
			shellPath = /bin/sh;
			shellScript = "diff \"${PODS_PODFILE_DIR_PATH}/Podfile.lock\" \"${PODS_ROOT}/Manifest.lock\" > /dev/null\nif [ $? != 0 ] ; then\n    # print error to STDERR\n    echo \"error: The sandbox is not in sync with the Podfile.lock. Run 'pod install' or update your CocoaPods installation.\" >&2\n    exit 1\nfi\n# This output is used by Xcode 'outputs' to avoid re-running this script phase.\necho \"SUCCESS\" > \"${SCRIPT_OUTPUT_FILE_0}\"\n";
			showEnvVarsInLog = 0;
		};
		8BCA265D3F8A3127F68229D7 /* [CP] Check Pods Manifest.lock */ = {
			isa = PBXShellScriptBuildPhase;
			buildActionMask = 2147483647;
			files = (
			);
			inputFileListPaths = (
			);
			inputPaths = (
				"${PODS_PODFILE_DIR_PATH}/Podfile.lock",
				"${PODS_ROOT}/Manifest.lock",
			);
			name = "[CP] Check Pods Manifest.lock";
			outputFileListPaths = (
			);
			outputPaths = (
				"$(DERIVED_FILE_DIR)/Pods-TalkersUITests-checkManifestLockResult.txt",
			);
			runOnlyForDeploymentPostprocessing = 0;
			shellPath = /bin/sh;
			shellScript = "diff \"${PODS_PODFILE_DIR_PATH}/Podfile.lock\" \"${PODS_ROOT}/Manifest.lock\" > /dev/null\nif [ $? != 0 ] ; then\n    # print error to STDERR\n    echo \"error: The sandbox is not in sync with the Podfile.lock. Run 'pod install' or update your CocoaPods installation.\" >&2\n    exit 1\nfi\n# This output is used by Xcode 'outputs' to avoid re-running this script phase.\necho \"SUCCESS\" > \"${SCRIPT_OUTPUT_FILE_0}\"\n";
			showEnvVarsInLog = 0;
		};
		ED8DB3C068E10B7FEAD885BE /* [CP] Check Pods Manifest.lock */ = {
			isa = PBXShellScriptBuildPhase;
			buildActionMask = 2147483647;
			files = (
			);
			inputFileListPaths = (
			);
			inputPaths = (
				"${PODS_PODFILE_DIR_PATH}/Podfile.lock",
				"${PODS_ROOT}/Manifest.lock",
			);
			name = "[CP] Check Pods Manifest.lock";
			outputFileListPaths = (
			);
			outputPaths = (
				"$(DERIVED_FILE_DIR)/Pods-TalkersTests-checkManifestLockResult.txt",
			);
			runOnlyForDeploymentPostprocessing = 0;
			shellPath = /bin/sh;
			shellScript = "diff \"${PODS_PODFILE_DIR_PATH}/Podfile.lock\" \"${PODS_ROOT}/Manifest.lock\" > /dev/null\nif [ $? != 0 ] ; then\n    # print error to STDERR\n    echo \"error: The sandbox is not in sync with the Podfile.lock. Run 'pod install' or update your CocoaPods installation.\" >&2\n    exit 1\nfi\n# This output is used by Xcode 'outputs' to avoid re-running this script phase.\necho \"SUCCESS\" > \"${SCRIPT_OUTPUT_FILE_0}\"\n";
			showEnvVarsInLog = 0;
		};
		F7B895B2AD74DCEDA5431FF3 /* [CP] Embed Pods Frameworks */ = {
			isa = PBXShellScriptBuildPhase;
			buildActionMask = 2147483647;
			files = (
			);
			inputFileListPaths = (
				"${PODS_ROOT}/Target Support Files/Pods-Talkers/Pods-Talkers-frameworks-${CONFIGURATION}-input-files.xcfilelist",
			);
			name = "[CP] Embed Pods Frameworks";
			outputFileListPaths = (
				"${PODS_ROOT}/Target Support Files/Pods-Talkers/Pods-Talkers-frameworks-${CONFIGURATION}-output-files.xcfilelist",
			);
			runOnlyForDeploymentPostprocessing = 0;
			shellPath = /bin/sh;
			shellScript = "\"${PODS_ROOT}/Target Support Files/Pods-Talkers/Pods-Talkers-frameworks.sh\"\n";
			showEnvVarsInLog = 0;
		};
/* End PBXShellScriptBuildPhase section */

/* Begin PBXSourcesBuildPhase section */
		560D4637250AD21300E5A610 /* Sources */ = {
			isa = PBXSourcesBuildPhase;
			buildActionMask = 2147483647;
			files = (
				567ECB7B255DEF4000DD292A /* MessagesFirebaseService.swift in Sources */,
				56C06A2A255D9E6C00CE20C0 /* Channel.swift in Sources */,
				567F3D262524C7CF0078A709 /* ConversationTableViewCell.swift in Sources */,
				563CF09F25610A1000E164C3 /* ThemesModel.swift in Sources */,
				5614C71B253337B20038464F /* ProfileGCDService.swift in Sources */,
				563CF0A72561C12100E164C3 /* ProfileModel.swift in Sources */,
				560D4643250AD21300E5A610 /* ProfileViewController.swift in Sources */,
				5645D240255947F50085285C /* FirebaseStorage.swift in Sources */,
				56C06A19255D358300CE20C0 /* ChannelsFirebaseService.swift in Sources */,
				56481C4C2537AA1200B52E20 /* LoadProfileOperation.swift in Sources */,
				561B82F425549C2A00D9B21D /* CoreDataStack.swift in Sources */,
				5679C264256717AB00989F43 /* ProfileImagesViewController.swift in Sources */,
				56077069254D62250021DF4E /* ChannelMO+Extensions.swift in Sources */,
				567ECB7E255DEF5500DD292A /* MessagesCoreDataService.swift in Sources */,
				56107B1D252E37A20049BFA7 /* UIViewController+Extentions.swift in Sources */,
				5690FC4C256D8683003CC198 /* RequestSender.swift in Sources */,
				567ECB77255DEF2A00DD292A /* MessagesServiceFacade.swift in Sources */,
				56481C492537A59200B52E20 /* FileStorage.swift in Sources */,
				567F3CF6252261B40078A709 /* ConversationsListViewController.swift in Sources */,
				5690FC54256D8866003CC198 /* PixabayParser.swift in Sources */,
				5682E5E725335B24009CE1BE /* BaseViewController.swift in Sources */,
				56DFBA592569A8B500DC2C65 /* ProfileImagesCellModel.swift in Sources */,
				5679C262256717AB00989F43 /* PixabayImages.swift in Sources */,
				56CECC6925403B8C00EFB86E /* Message.swift in Sources */,
				567ECB6E255DED3500DD292A /* ConversationTableViewDataSource.swift in Sources */,
				567F3D33252508470078A709 /* ConfigurableView.swift in Sources */,
				569FE3842537ADC9002820CB /* AsyncOperation.swift in Sources */,
				5667A1362572F0BB00FE3999 /* CircleTransitionAnimator.swift in Sources */,
				5607706E254EBA0D0021DF4E /* MessageMO+Extensions.swift in Sources */,
				5679C26E25672A8800989F43 /* ProfileImagesModel.swift in Sources */,
				5679C274256734C800989F43 /* ProfileImagesCollectionViewDataSource.swift in Sources */,
				56107B15252D215A0049BFA7 /* ThemesService.swift in Sources */,
				56C06A1C255D3DBC00CE20C0 /* ChannelsCoreDataService.swift in Sources */,
				56CECC8725421AF600EFB86E /* String+Extensions.swift in Sources */,
				56481C452537A40F00B52E20 /* SaveProfileOperation.swift in Sources */,
				567F3D192523EB440078A709 /* ConversationsListTableViewCell.swift in Sources */,
				567F3D01252262F40078A709 /* ConversationViewController.swift in Sources */,
				5612ED93252A723E003A5955 /* ThemesViewController.swift in Sources */,
				56C06A26255D626600CE20C0 /* ConversationsListTableViewDelegate.swift in Sources */,
				56C06A20255D5F9C00CE20C0 /* ConversationsListTableViewDataSource.swift in Sources */,
				56BD29ED2510C441003633A3 /* Logger.swift in Sources */,
				563CF0A3256119AC00E164C3 /* ThemeSettings.swift in Sources */,
				56481C4125373C1000B52E20 /* Profile.swift in Sources */,
				56107B27252E61CA0049BFA7 /* UIColor+Extentions.swift in Sources */,
				5690FC5C256DB75A003CC198 /* PixabayImageRequest.swift in Sources */,
				5690FC58256DB71C003CC198 /* RequestProtocol.swift in Sources */,
				560231142574341A00FBA863 /* UIBarButtonItem+Extensions.swift in Sources */,
				561E5B742559F62C00C0B13F /* CoreDataStorage.swift in Sources */,
				567244D72558B61F00B8967F /* PresentationAssembly.swift in Sources */,
				5679C269256726CB00989F43 /* ProfileImagesService.swift in Sources */,
				567244D22558B56200B8967F /* ServiceAssembly.swift in Sources */,
				5645D2332559340A0085285C /* ConversationsListModel.swift in Sources */,
				5690FC50256D87DC003CC198 /* ParserProtocol.swift in Sources */,
				567ECB6B255DEBF500DD292A /* ConversationModel.swift in Sources */,
				560D463F250AD21300E5A610 /* AppDelegate.swift in Sources */,
				56E060F5256F1904006BDA4A /* TremblingButtonAnimator.swift in Sources */,
				5643F5BE2571ABB600BFB672 /* TinkoffEmblemAnimator.swift in Sources */,
				5612ED99252A76D2003A5955 /* ThemeButton.swift in Sources */,
				5679C261256717AB00989F43 /* Hit.swift in Sources */,
				5645D239255945F30085285C /* ChannelsServiceFacade.swift in Sources */,
				567244CA2558B44F00B8967F /* RootAssembly.swift in Sources */,
				567244CE2558B4C600B8967F /* CoreAssembly.swift in Sources */,
				5679C27B25673AB900989F43 /* ProfileImagesCollectionViewCell.swift in Sources */,
				5667A1322572CC3A00FE3999 /* UIView+Extensions.swift in Sources */,
				567E07D52537BC91007133D1 /* ProfileServiceFacade.swift in Sources */,
				5690FC48256D85A3003CC198 /* RequestsFactory.swift in Sources */,
				5679C277256737C700989F43 /* ProfileImagesCollectionViewDelegate.swift in Sources */,
				56B78B8C254B40A800055F1E /* Chats.xcdatamodeld in Sources */,
				56481C3D2537375A00B52E20 /* ProfileOperationService.swift in Sources */,
			);
			runOnlyForDeploymentPostprocessing = 0;
		};
		56D51838257ADE4A007F7DC9 /* Sources */ = {
			isa = PBXSourcesBuildPhase;
			buildActionMask = 2147483647;
			files = (
				56D5183F257ADE4A007F7DC9 /* ProfileViewControllerUITests.swift in Sources */,
			);
			runOnlyForDeploymentPostprocessing = 0;
		};
		56DFF84925763FDC003A1AB4 /* Sources */ = {
			isa = PBXSourcesBuildPhase;
			buildActionMask = 2147483647;
			files = (
				5641D7BE2579918900164C17 /* ChannelsCoreDataServiceMock.swift in Sources */,
				5610E9E02577130600499EBF /* FirebaseStorageMock.swift in Sources */,
				5641D7C625799BCD00164C17 /* MessagesFirebaseServiceTests.swift in Sources */,
				5641D7B82579909B00164C17 /* MessagesCoreDataServiceTests.swift in Sources */,
				562FD7392579667D0033F15A /* ProfileGCDServiceTests.swift in Sources */,
				563362C82576D23300FB97BE /* ChannelsFirebaseServiceTests.swift in Sources */,
				5641D7C22579923700164C17 /* CoreDataStackMock.swift in Sources */,
				562FD73F2579672B0033F15A /* FileStorageMock.swift in Sources */,
			);
			runOnlyForDeploymentPostprocessing = 0;
		};
/* End PBXSourcesBuildPhase section */

/* Begin PBXTargetDependency section */
		56D51842257ADE4B007F7DC9 /* PBXTargetDependency */ = {
			isa = PBXTargetDependency;
			target = 560D463A250AD21300E5A610 /* Talkers */;
			targetProxy = 56D51841257ADE4B007F7DC9 /* PBXContainerItemProxy */;
		};
		56DFF85325763FDD003A1AB4 /* PBXTargetDependency */ = {
			isa = PBXTargetDependency;
			target = 560D463A250AD21300E5A610 /* Talkers */;
			targetProxy = 56DFF85225763FDD003A1AB4 /* PBXContainerItemProxy */;
		};
/* End PBXTargetDependency section */

/* Begin PBXVariantGroup section */
		560D4644250AD21300E5A610 /* ProfileViewController.storyboard */ = {
			isa = PBXVariantGroup;
			children = (
				560D4645250AD21300E5A610 /* Base */,
			);
			name = ProfileViewController.storyboard;
			sourceTree = "<group>";
		};
		560D4649250AD21A00E5A610 /* LaunchScreen.storyboard */ = {
			isa = PBXVariantGroup;
			children = (
				560D464A250AD21A00E5A610 /* Base */,
			);
			name = LaunchScreen.storyboard;
			sourceTree = "<group>";
		};
/* End PBXVariantGroup section */

/* Begin XCBuildConfiguration section */
		560D464D250AD21A00E5A610 /* Debug */ = {
			isa = XCBuildConfiguration;
			buildSettings = {
				ALWAYS_SEARCH_USER_PATHS = NO;
				CLANG_ANALYZER_NONNULL = YES;
				CLANG_ANALYZER_NUMBER_OBJECT_CONVERSION = YES_AGGRESSIVE;
				CLANG_CXX_LANGUAGE_STANDARD = "gnu++14";
				CLANG_CXX_LIBRARY = "libc++";
				CLANG_ENABLE_MODULES = YES;
				CLANG_ENABLE_OBJC_ARC = YES;
				CLANG_ENABLE_OBJC_WEAK = YES;
				CLANG_WARN_BLOCK_CAPTURE_AUTORELEASING = YES;
				CLANG_WARN_BOOL_CONVERSION = YES;
				CLANG_WARN_COMMA = YES;
				CLANG_WARN_CONSTANT_CONVERSION = YES;
				CLANG_WARN_DEPRECATED_OBJC_IMPLEMENTATIONS = YES;
				CLANG_WARN_DIRECT_OBJC_ISA_USAGE = YES_ERROR;
				CLANG_WARN_DOCUMENTATION_COMMENTS = YES;
				CLANG_WARN_EMPTY_BODY = YES;
				CLANG_WARN_ENUM_CONVERSION = YES;
				CLANG_WARN_INFINITE_RECURSION = YES;
				CLANG_WARN_INT_CONVERSION = YES;
				CLANG_WARN_NON_LITERAL_NULL_CONVERSION = YES;
				CLANG_WARN_OBJC_IMPLICIT_RETAIN_SELF = YES;
				CLANG_WARN_OBJC_LITERAL_CONVERSION = YES;
				CLANG_WARN_OBJC_ROOT_CLASS = YES_ERROR;
				CLANG_WARN_QUOTED_INCLUDE_IN_FRAMEWORK_HEADER = YES;
				CLANG_WARN_RANGE_LOOP_ANALYSIS = YES;
				CLANG_WARN_STRICT_PROTOTYPES = YES;
				CLANG_WARN_SUSPICIOUS_MOVE = YES;
				CLANG_WARN_UNGUARDED_AVAILABILITY = YES_AGGRESSIVE;
				CLANG_WARN_UNREACHABLE_CODE = YES;
				CLANG_WARN__DUPLICATE_METHOD_MATCH = YES;
				COPY_PHASE_STRIP = NO;
				DEBUG_INFORMATION_FORMAT = dwarf;
				ENABLE_STRICT_OBJC_MSGSEND = YES;
				ENABLE_TESTABILITY = YES;
				GCC_C_LANGUAGE_STANDARD = gnu11;
				GCC_DYNAMIC_NO_PIC = NO;
				GCC_NO_COMMON_BLOCKS = YES;
				GCC_OPTIMIZATION_LEVEL = 0;
				GCC_PREPROCESSOR_DEFINITIONS = (
					"DEBUG=1",
					"$(inherited)",
				);
				GCC_WARN_64_TO_32_BIT_CONVERSION = YES;
				GCC_WARN_ABOUT_RETURN_TYPE = YES_ERROR;
				GCC_WARN_UNDECLARED_SELECTOR = YES;
				GCC_WARN_UNINITIALIZED_AUTOS = YES_AGGRESSIVE;
				GCC_WARN_UNUSED_FUNCTION = YES;
				GCC_WARN_UNUSED_VARIABLE = YES;
				IPHONEOS_DEPLOYMENT_TARGET = 12.0;
				MTL_ENABLE_DEBUG_INFO = INCLUDE_SOURCE;
				MTL_FAST_MATH = YES;
				ONLY_ACTIVE_ARCH = YES;
				SDKROOT = iphoneos;
				SWIFT_ACTIVE_COMPILATION_CONDITIONS = DEBUG;
				SWIFT_OPTIMIZATION_LEVEL = "-Onone";
			};
			name = Debug;
		};
		560D464E250AD21A00E5A610 /* Release */ = {
			isa = XCBuildConfiguration;
			buildSettings = {
				ALWAYS_SEARCH_USER_PATHS = NO;
				CLANG_ANALYZER_NONNULL = YES;
				CLANG_ANALYZER_NUMBER_OBJECT_CONVERSION = YES_AGGRESSIVE;
				CLANG_CXX_LANGUAGE_STANDARD = "gnu++14";
				CLANG_CXX_LIBRARY = "libc++";
				CLANG_ENABLE_MODULES = YES;
				CLANG_ENABLE_OBJC_ARC = YES;
				CLANG_ENABLE_OBJC_WEAK = YES;
				CLANG_WARN_BLOCK_CAPTURE_AUTORELEASING = YES;
				CLANG_WARN_BOOL_CONVERSION = YES;
				CLANG_WARN_COMMA = YES;
				CLANG_WARN_CONSTANT_CONVERSION = YES;
				CLANG_WARN_DEPRECATED_OBJC_IMPLEMENTATIONS = YES;
				CLANG_WARN_DIRECT_OBJC_ISA_USAGE = YES_ERROR;
				CLANG_WARN_DOCUMENTATION_COMMENTS = YES;
				CLANG_WARN_EMPTY_BODY = YES;
				CLANG_WARN_ENUM_CONVERSION = YES;
				CLANG_WARN_INFINITE_RECURSION = YES;
				CLANG_WARN_INT_CONVERSION = YES;
				CLANG_WARN_NON_LITERAL_NULL_CONVERSION = YES;
				CLANG_WARN_OBJC_IMPLICIT_RETAIN_SELF = YES;
				CLANG_WARN_OBJC_LITERAL_CONVERSION = YES;
				CLANG_WARN_OBJC_ROOT_CLASS = YES_ERROR;
				CLANG_WARN_QUOTED_INCLUDE_IN_FRAMEWORK_HEADER = YES;
				CLANG_WARN_RANGE_LOOP_ANALYSIS = YES;
				CLANG_WARN_STRICT_PROTOTYPES = YES;
				CLANG_WARN_SUSPICIOUS_MOVE = YES;
				CLANG_WARN_UNGUARDED_AVAILABILITY = YES_AGGRESSIVE;
				CLANG_WARN_UNREACHABLE_CODE = YES;
				CLANG_WARN__DUPLICATE_METHOD_MATCH = YES;
				COPY_PHASE_STRIP = NO;
				DEBUG_INFORMATION_FORMAT = "dwarf-with-dsym";
				ENABLE_NS_ASSERTIONS = NO;
				ENABLE_STRICT_OBJC_MSGSEND = YES;
				GCC_C_LANGUAGE_STANDARD = gnu11;
				GCC_NO_COMMON_BLOCKS = YES;
				GCC_WARN_64_TO_32_BIT_CONVERSION = YES;
				GCC_WARN_ABOUT_RETURN_TYPE = YES_ERROR;
				GCC_WARN_UNDECLARED_SELECTOR = YES;
				GCC_WARN_UNINITIALIZED_AUTOS = YES_AGGRESSIVE;
				GCC_WARN_UNUSED_FUNCTION = YES;
				GCC_WARN_UNUSED_VARIABLE = YES;
				IPHONEOS_DEPLOYMENT_TARGET = 12.0;
				MTL_ENABLE_DEBUG_INFO = NO;
				MTL_FAST_MATH = YES;
				SDKROOT = iphoneos;
				SWIFT_COMPILATION_MODE = wholemodule;
				SWIFT_OPTIMIZATION_LEVEL = "-O";
				VALIDATE_PRODUCT = YES;
			};
			name = Release;
		};
		560D4650250AD21A00E5A610 /* Debug */ = {
			isa = XCBuildConfiguration;
			baseConfigurationReference = 5658D9D925818899002B30EB /* Config.debug.xcconfig */;
			buildSettings = {
				ASSETCATALOG_COMPILER_APPICON_NAME = AppIcon;
				CODE_SIGN_STYLE = Automatic;
				DEVELOPMENT_TEAM = DLVL4AD94D;
				INFOPLIST_FILE = Talkers/SupportingFiles/Info.plist;
				LD_RUNPATH_SEARCH_PATHS = (
					"$(inherited)",
					"@executable_path/Frameworks",
				);
				PRODUCT_BUNDLE_IDENTIFIER = ru.tinkoff.TinkoffChat;
				PRODUCT_NAME = "$(TARGET_NAME)";
				SWIFT_VERSION = 5.0;
				TARGETED_DEVICE_FAMILY = 1;
			};
			name = Debug;
		};
		560D4651250AD21A00E5A610 /* Release */ = {
			isa = XCBuildConfiguration;
			baseConfigurationReference = 5658D9E32581973E002B30EB /* Config.release.xcconfig */;
			buildSettings = {
				ASSETCATALOG_COMPILER_APPICON_NAME = AppIcon;
				CODE_SIGN_STYLE = Automatic;
				DEVELOPMENT_TEAM = DLVL4AD94D;
				INFOPLIST_FILE = Talkers/SupportingFiles/Info.plist;
				LD_RUNPATH_SEARCH_PATHS = (
					"$(inherited)",
					"@executable_path/Frameworks",
				);
				PRODUCT_BUNDLE_IDENTIFIER = ru.tinkoff.TinkoffChat;
				PRODUCT_NAME = "$(TARGET_NAME)";
				SWIFT_VERSION = 5.0;
				TARGETED_DEVICE_FAMILY = 1;
			};
			name = Release;
		};
		56D51844257ADE4B007F7DC9 /* Debug */ = {
			isa = XCBuildConfiguration;
			baseConfigurationReference = 88731DAC9DEA103D4F8CAB0D /* Pods-TalkersUITests.debug.xcconfig */;
			buildSettings = {
				CODE_SIGN_STYLE = Automatic;
				DEVELOPMENT_TEAM = DLVL4AD94D;
				INFOPLIST_FILE = TalkersUITests/Info.plist;
				IPHONEOS_DEPLOYMENT_TARGET = 14.2;
				LD_RUNPATH_SEARCH_PATHS = (
					"$(inherited)",
					"@executable_path/Frameworks",
					"@loader_path/Frameworks",
				);
				PRODUCT_BUNDLE_IDENTIFIER = "ru.kazakova-net.TalkersUITests";
				PRODUCT_NAME = "$(TARGET_NAME)";
				SWIFT_VERSION = 5.0;
				TARGETED_DEVICE_FAMILY = "1,2";
				TEST_TARGET_NAME = Talkers;
			};
			name = Debug;
		};
		56D51845257ADE4B007F7DC9 /* Release */ = {
			isa = XCBuildConfiguration;
			baseConfigurationReference = 7CED94B2CFD319737AF88AB5 /* Pods-TalkersUITests.release.xcconfig */;
			buildSettings = {
				CODE_SIGN_STYLE = Automatic;
				DEVELOPMENT_TEAM = DLVL4AD94D;
				INFOPLIST_FILE = TalkersUITests/Info.plist;
				IPHONEOS_DEPLOYMENT_TARGET = 14.2;
				LD_RUNPATH_SEARCH_PATHS = (
					"$(inherited)",
					"@executable_path/Frameworks",
					"@loader_path/Frameworks",
				);
				PRODUCT_BUNDLE_IDENTIFIER = "ru.kazakova-net.TalkersUITests";
				PRODUCT_NAME = "$(TARGET_NAME)";
				SWIFT_VERSION = 5.0;
				TARGETED_DEVICE_FAMILY = "1,2";
				TEST_TARGET_NAME = Talkers;
			};
			name = Release;
		};
		56DFF85425763FDD003A1AB4 /* Debug */ = {
			isa = XCBuildConfiguration;
			baseConfigurationReference = 226E1FD79CF245A94E7E1353 /* Pods-TalkersTests.debug.xcconfig */;
			buildSettings = {
				BUNDLE_LOADER = "$(TEST_HOST)";
				CLANG_ENABLE_MODULES = YES;
				CODE_SIGN_STYLE = Automatic;
				DEVELOPMENT_TEAM = DLVL4AD94D;
				HEADER_SEARCH_PATHS = (
					"$(inherited)",
					"\"${PODS_ROOT}/Headers/Public\"",
					"\"${PODS_ROOT}/Headers/Public/Firebase\"",
					"\"${PODS_ROOT}/Firebase/CoreOnly/Sources\"",
				);
				INFOPLIST_FILE = TalkersTests/Info.plist;
				IPHONEOS_DEPLOYMENT_TARGET = 14.2;
				LD_RUNPATH_SEARCH_PATHS = (
					"$(inherited)",
					"@executable_path/Frameworks",
					"@loader_path/Frameworks",
				);
				PRODUCT_BUNDLE_IDENTIFIER = "ru.kazakova-net.TalkersTests";
				PRODUCT_NAME = "$(TARGET_NAME)";
				SWIFT_OPTIMIZATION_LEVEL = "-Onone";
				SWIFT_VERSION = 5.0;
				TARGETED_DEVICE_FAMILY = "1,2";
				TEST_HOST = "$(BUILT_PRODUCTS_DIR)/Talkers.app/Talkers";
			};
			name = Debug;
		};
		56DFF85525763FDD003A1AB4 /* Release */ = {
			isa = XCBuildConfiguration;
			baseConfigurationReference = D8D1AD4DE5120AE3A488D503 /* Pods-TalkersTests.release.xcconfig */;
			buildSettings = {
				BUNDLE_LOADER = "$(TEST_HOST)";
				CLANG_ENABLE_MODULES = YES;
				CODE_SIGN_STYLE = Automatic;
				DEVELOPMENT_TEAM = DLVL4AD94D;
				HEADER_SEARCH_PATHS = (
					"$(inherited)",
					"\"${PODS_ROOT}/Headers/Public\"",
					"\"${PODS_ROOT}/Headers/Public/Firebase\"",
					"\"${PODS_ROOT}/Firebase/CoreOnly/Sources\"",
				);
				INFOPLIST_FILE = TalkersTests/Info.plist;
				IPHONEOS_DEPLOYMENT_TARGET = 14.2;
				LD_RUNPATH_SEARCH_PATHS = (
					"$(inherited)",
					"@executable_path/Frameworks",
					"@loader_path/Frameworks",
				);
				PRODUCT_BUNDLE_IDENTIFIER = "ru.kazakova-net.TalkersTests";
				PRODUCT_NAME = "$(TARGET_NAME)";
				SWIFT_VERSION = 5.0;
				TARGETED_DEVICE_FAMILY = "1,2";
				TEST_HOST = "$(BUILT_PRODUCTS_DIR)/Talkers.app/Talkers";
			};
			name = Release;
		};
/* End XCBuildConfiguration section */

/* Begin XCConfigurationList section */
		560D4636250AD21300E5A610 /* Build configuration list for PBXProject "Talkers" */ = {
			isa = XCConfigurationList;
			buildConfigurations = (
				560D464D250AD21A00E5A610 /* Debug */,
				560D464E250AD21A00E5A610 /* Release */,
			);
			defaultConfigurationIsVisible = 0;
			defaultConfigurationName = Release;
		};
		560D464F250AD21A00E5A610 /* Build configuration list for PBXNativeTarget "Talkers" */ = {
			isa = XCConfigurationList;
			buildConfigurations = (
				560D4650250AD21A00E5A610 /* Debug */,
				560D4651250AD21A00E5A610 /* Release */,
			);
			defaultConfigurationIsVisible = 0;
			defaultConfigurationName = Release;
		};
		56D51843257ADE4B007F7DC9 /* Build configuration list for PBXNativeTarget "TalkersUITests" */ = {
			isa = XCConfigurationList;
			buildConfigurations = (
				56D51844257ADE4B007F7DC9 /* Debug */,
				56D51845257ADE4B007F7DC9 /* Release */,
			);
			defaultConfigurationIsVisible = 0;
			defaultConfigurationName = Release;
		};
		56DFF85625763FDD003A1AB4 /* Build configuration list for PBXNativeTarget "TalkersTests" */ = {
			isa = XCConfigurationList;
			buildConfigurations = (
				56DFF85425763FDD003A1AB4 /* Debug */,
				56DFF85525763FDD003A1AB4 /* Release */,
			);
			defaultConfigurationIsVisible = 0;
			defaultConfigurationName = Release;
		};
/* End XCConfigurationList section */

/* Begin XCVersionGroup section */
		56B78B8A254B40A800055F1E /* Chats.xcdatamodeld */ = {
			isa = XCVersionGroup;
			children = (
				56B78B8B254B40A800055F1E /* Chats.xcdatamodel */,
			);
			currentVersion = 56B78B8B254B40A800055F1E /* Chats.xcdatamodel */;
			path = Chats.xcdatamodeld;
			sourceTree = "<group>";
			versionGroupType = wrapper.xcdatamodel;
		};
/* End XCVersionGroup section */
	};
	rootObject = 560D4633250AD21300E5A610 /* Project object */;
}
