// !$*UTF8*$!
{
	archiveVersion = 1;
	classes = {
	};
	objectVersion = 51;
	objects = {

/* Begin PBXBuildFile section */
		36C854EAF996DC7DAF061664 /* Pods_Talkers.framework in Frameworks */ = {isa = PBXBuildFile; fileRef = BA4AB299D8675D0189EE000E /* Pods_Talkers.framework */; };
		560D463F250AD21300E5A610 /* AppDelegate.swift in Sources */ = {isa = PBXBuildFile; fileRef = 560D463E250AD21300E5A610 /* AppDelegate.swift */; };
		560D4643250AD21300E5A610 /* ProfileViewController.swift in Sources */ = {isa = PBXBuildFile; fileRef = 560D4642250AD21300E5A610 /* ProfileViewController.swift */; };
		560D4646250AD21300E5A610 /* ProfileViewController.storyboard in Resources */ = {isa = PBXBuildFile; fileRef = 560D4644250AD21300E5A610 /* ProfileViewController.storyboard */; };
		560D4648250AD21A00E5A610 /* Assets.xcassets in Resources */ = {isa = PBXBuildFile; fileRef = 560D4647250AD21A00E5A610 /* Assets.xcassets */; };
		560D464B250AD21A00E5A610 /* LaunchScreen.storyboard in Resources */ = {isa = PBXBuildFile; fileRef = 560D4649250AD21A00E5A610 /* LaunchScreen.storyboard */; };
		56107B15252D215A0049BFA7 /* ThemeManager.swift in Sources */ = {isa = PBXBuildFile; fileRef = 56107B14252D215A0049BFA7 /* ThemeManager.swift */; };
		56107B1D252E37A20049BFA7 /* UIViewController+Extentions.swift in Sources */ = {isa = PBXBuildFile; fileRef = 56107B1C252E37A20049BFA7 /* UIViewController+Extentions.swift */; };
		56107B27252E61CA0049BFA7 /* UIColor+Extentions.swift in Sources */ = {isa = PBXBuildFile; fileRef = 56107B26252E61CA0049BFA7 /* UIColor+Extentions.swift */; };
		5612ED93252A723E003A5955 /* ThemesViewController.swift in Sources */ = {isa = PBXBuildFile; fileRef = 5612ED92252A723E003A5955 /* ThemesViewController.swift */; };
		5612ED96252A725D003A5955 /* ThemesViewController.storyboard in Resources */ = {isa = PBXBuildFile; fileRef = 5612ED95252A725D003A5955 /* ThemesViewController.storyboard */; };
		5612ED99252A76D2003A5955 /* ThemeButton.swift in Sources */ = {isa = PBXBuildFile; fileRef = 5612ED98252A76D2003A5955 /* ThemeButton.swift */; };
		5612ED9C252A772D003A5955 /* ThemeButton.xib in Resources */ = {isa = PBXBuildFile; fileRef = 5612ED9B252A772D003A5955 /* ThemeButton.xib */; };
		5614C71B253337B20038464F /* GCDDataManager.swift in Sources */ = {isa = PBXBuildFile; fileRef = 5614C71A253337B20038464F /* GCDDataManager.swift */; };
		56481C3D2537375A00B52E20 /* OperationDataManager.swift in Sources */ = {isa = PBXBuildFile; fileRef = 56481C3C2537375A00B52E20 /* OperationDataManager.swift */; };
		56481C4125373C1000B52E20 /* UserProfile.swift in Sources */ = {isa = PBXBuildFile; fileRef = 56481C4025373C1000B52E20 /* UserProfile.swift */; };
		56481C452537A40F00B52E20 /* SaveUserProfileOperation.swift in Sources */ = {isa = PBXBuildFile; fileRef = 56481C442537A40F00B52E20 /* SaveUserProfileOperation.swift */; };
		56481C492537A59200B52E20 /* FileStorage.swift in Sources */ = {isa = PBXBuildFile; fileRef = 56481C482537A59200B52E20 /* FileStorage.swift */; };
		56481C4C2537AA1200B52E20 /* LoadUserProfileOperation.swift in Sources */ = {isa = PBXBuildFile; fileRef = 56481C4B2537AA1200B52E20 /* LoadUserProfileOperation.swift */; };
		567E07D52537BC91007133D1 /* UserProfileManager.swift in Sources */ = {isa = PBXBuildFile; fileRef = 567E07D42537BC91007133D1 /* UserProfileManager.swift */; };
		567F3CF2252260B10078A709 /* ConversationsListViewController.storyboard in Resources */ = {isa = PBXBuildFile; fileRef = 567F3CF1252260B10078A709 /* ConversationsListViewController.storyboard */; };
		567F3CF6252261B40078A709 /* ConversationsListViewController.swift in Sources */ = {isa = PBXBuildFile; fileRef = 567F3CF5252261B40078A709 /* ConversationsListViewController.swift */; };
		567F3CFE252262D70078A709 /* ConversationViewController.storyboard in Resources */ = {isa = PBXBuildFile; fileRef = 567F3CFD252262D70078A709 /* ConversationViewController.storyboard */; };
		567F3D01252262F40078A709 /* ConversationViewController.swift in Sources */ = {isa = PBXBuildFile; fileRef = 567F3D00252262F40078A709 /* ConversationViewController.swift */; };
		567F3D192523EB440078A709 /* ConversationsListTableViewCell.swift in Sources */ = {isa = PBXBuildFile; fileRef = 567F3D172523EB440078A709 /* ConversationsListTableViewCell.swift */; };
		567F3D1A2523EB440078A709 /* ConversationsListTableViewCell.xib in Resources */ = {isa = PBXBuildFile; fileRef = 567F3D182523EB440078A709 /* ConversationsListTableViewCell.xib */; };
		567F3D2025246ED50078A709 /* DummyConversationListDataSource.swift in Sources */ = {isa = PBXBuildFile; fileRef = 567F3D1F25246ED50078A709 /* DummyConversationListDataSource.swift */; };
		567F3D262524C7CF0078A709 /* ConversationTableViewCell.swift in Sources */ = {isa = PBXBuildFile; fileRef = 567F3D242524C7CF0078A709 /* ConversationTableViewCell.swift */; };
		567F3D272524C7CF0078A709 /* IncomingConversationTableViewCell.xib in Resources */ = {isa = PBXBuildFile; fileRef = 567F3D252524C7CF0078A709 /* IncomingConversationTableViewCell.xib */; };
		567F3D2B2524CA3E0078A709 /* OutgoingConversationTableViewCell.xib in Resources */ = {isa = PBXBuildFile; fileRef = 567F3D2A2524CA3E0078A709 /* OutgoingConversationTableViewCell.xib */; };
		567F3D2F2524D4C50078A709 /* DummyConversationDataSource.swift in Sources */ = {isa = PBXBuildFile; fileRef = 567F3D2E2524D4C50078A709 /* DummyConversationDataSource.swift */; };
		567F3D33252508470078A709 /* ConfigurableView.swift in Sources */ = {isa = PBXBuildFile; fileRef = 567F3D32252508470078A709 /* ConfigurableView.swift */; };
		5682E5E725335B24009CE1BE /* BaseViewController.swift in Sources */ = {isa = PBXBuildFile; fileRef = 5682E5E625335B24009CE1BE /* BaseViewController.swift */; };
		568AE4E2251B1DD7001277F1 /* SF-Pro-Text-Regular.otf in Resources */ = {isa = PBXBuildFile; fileRef = 568AE4BE251B1DC8001277F1 /* SF-Pro-Text-Regular.otf */; };
		568AE4EF251B1DD7001277F1 /* SF-Pro-Display-Bold.otf in Resources */ = {isa = PBXBuildFile; fileRef = 568AE4CB251B1DCE001277F1 /* SF-Pro-Display-Bold.otf */; };
		568AE4F2251B1DD7001277F1 /* SF-Pro-Text-Semibold.otf in Resources */ = {isa = PBXBuildFile; fileRef = 568AE4CE251B1DCF001277F1 /* SF-Pro-Text-Semibold.otf */; };
		568AE50C251B3316001277F1 /* Roboto-Regular.otf in Resources */ = {isa = PBXBuildFile; fileRef = 568AE50B251B3315001277F1 /* Roboto-Regular.otf */; };
		569FE3842537ADC9002820CB /* AsyncOperation.swift in Sources */ = {isa = PBXBuildFile; fileRef = 569FE3832537ADC9002820CB /* AsyncOperation.swift */; };
		56BD29ED2510C441003633A3 /* Logger.swift in Sources */ = {isa = PBXBuildFile; fileRef = 56BD29EC2510C441003633A3 /* Logger.swift */; };
/* End PBXBuildFile section */

/* Begin PBXFileReference section */
		15051AC01A5EBDBF5498083C /* Pods-Talkers.release.xcconfig */ = {isa = PBXFileReference; includeInIndex = 1; lastKnownFileType = text.xcconfig; name = "Pods-Talkers.release.xcconfig"; path = "Target Support Files/Pods-Talkers/Pods-Talkers.release.xcconfig"; sourceTree = "<group>"; };
		5591FED140C25ADA8BC81E46 /* Pods-Talkers.debug.xcconfig */ = {isa = PBXFileReference; includeInIndex = 1; lastKnownFileType = text.xcconfig; name = "Pods-Talkers.debug.xcconfig"; path = "Target Support Files/Pods-Talkers/Pods-Talkers.debug.xcconfig"; sourceTree = "<group>"; };
		560D463B250AD21300E5A610 /* Talkers.app */ = {isa = PBXFileReference; explicitFileType = wrapper.application; includeInIndex = 0; path = Talkers.app; sourceTree = BUILT_PRODUCTS_DIR; };
		560D463E250AD21300E5A610 /* AppDelegate.swift */ = {isa = PBXFileReference; lastKnownFileType = sourcecode.swift; path = AppDelegate.swift; sourceTree = "<group>"; };
		560D4642250AD21300E5A610 /* ProfileViewController.swift */ = {isa = PBXFileReference; lastKnownFileType = sourcecode.swift; path = ProfileViewController.swift; sourceTree = "<group>"; };
		560D4645250AD21300E5A610 /* Base */ = {isa = PBXFileReference; lastKnownFileType = file.storyboard; name = Base; path = Base.lproj/ProfileViewController.storyboard; sourceTree = "<group>"; };
		560D4647250AD21A00E5A610 /* Assets.xcassets */ = {isa = PBXFileReference; lastKnownFileType = folder.assetcatalog; path = Assets.xcassets; sourceTree = "<group>"; };
		560D464A250AD21A00E5A610 /* Base */ = {isa = PBXFileReference; lastKnownFileType = file.storyboard; name = Base; path = Base.lproj/LaunchScreen.storyboard; sourceTree = "<group>"; };
		560D464C250AD21A00E5A610 /* Info.plist */ = {isa = PBXFileReference; lastKnownFileType = text.plist.xml; path = Info.plist; sourceTree = "<group>"; };
		56107B14252D215A0049BFA7 /* ThemeManager.swift */ = {isa = PBXFileReference; lastKnownFileType = sourcecode.swift; path = ThemeManager.swift; sourceTree = "<group>"; };
		56107B1C252E37A20049BFA7 /* UIViewController+Extentions.swift */ = {isa = PBXFileReference; lastKnownFileType = sourcecode.swift; path = "UIViewController+Extentions.swift"; sourceTree = "<group>"; };
		56107B26252E61CA0049BFA7 /* UIColor+Extentions.swift */ = {isa = PBXFileReference; lastKnownFileType = sourcecode.swift; path = "UIColor+Extentions.swift"; sourceTree = "<group>"; };
		5612ED92252A723E003A5955 /* ThemesViewController.swift */ = {isa = PBXFileReference; lastKnownFileType = sourcecode.swift; path = ThemesViewController.swift; sourceTree = "<group>"; };
		5612ED95252A725D003A5955 /* ThemesViewController.storyboard */ = {isa = PBXFileReference; lastKnownFileType = file.storyboard; path = ThemesViewController.storyboard; sourceTree = "<group>"; };
		5612ED98252A76D2003A5955 /* ThemeButton.swift */ = {isa = PBXFileReference; lastKnownFileType = sourcecode.swift; path = ThemeButton.swift; sourceTree = "<group>"; };
		5612ED9B252A772D003A5955 /* ThemeButton.xib */ = {isa = PBXFileReference; lastKnownFileType = file.xib; path = ThemeButton.xib; sourceTree = "<group>"; };
		5614C71A253337B20038464F /* GCDDataManager.swift */ = {isa = PBXFileReference; lastKnownFileType = sourcecode.swift; path = GCDDataManager.swift; sourceTree = "<group>"; };
		56481C3C2537375A00B52E20 /* OperationDataManager.swift */ = {isa = PBXFileReference; lastKnownFileType = sourcecode.swift; path = OperationDataManager.swift; sourceTree = "<group>"; };
		56481C4025373C1000B52E20 /* UserProfile.swift */ = {isa = PBXFileReference; lastKnownFileType = sourcecode.swift; path = UserProfile.swift; sourceTree = "<group>"; };
		56481C442537A40F00B52E20 /* SaveUserProfileOperation.swift */ = {isa = PBXFileReference; lastKnownFileType = sourcecode.swift; path = SaveUserProfileOperation.swift; sourceTree = "<group>"; };
		56481C482537A59200B52E20 /* FileStorage.swift */ = {isa = PBXFileReference; lastKnownFileType = sourcecode.swift; path = FileStorage.swift; sourceTree = "<group>"; };
		56481C4B2537AA1200B52E20 /* LoadUserProfileOperation.swift */ = {isa = PBXFileReference; lastKnownFileType = sourcecode.swift; path = LoadUserProfileOperation.swift; sourceTree = "<group>"; };
		567E07D42537BC91007133D1 /* UserProfileManager.swift */ = {isa = PBXFileReference; lastKnownFileType = sourcecode.swift; path = UserProfileManager.swift; sourceTree = "<group>"; };
		567F3CF1252260B10078A709 /* ConversationsListViewController.storyboard */ = {isa = PBXFileReference; lastKnownFileType = file.storyboard; path = ConversationsListViewController.storyboard; sourceTree = "<group>"; };
		567F3CF5252261B40078A709 /* ConversationsListViewController.swift */ = {isa = PBXFileReference; lastKnownFileType = sourcecode.swift; path = ConversationsListViewController.swift; sourceTree = "<group>"; };
		567F3CFD252262D70078A709 /* ConversationViewController.storyboard */ = {isa = PBXFileReference; lastKnownFileType = file.storyboard; path = ConversationViewController.storyboard; sourceTree = "<group>"; };
		567F3D00252262F40078A709 /* ConversationViewController.swift */ = {isa = PBXFileReference; lastKnownFileType = sourcecode.swift; path = ConversationViewController.swift; sourceTree = "<group>"; };
		567F3D172523EB440078A709 /* ConversationsListTableViewCell.swift */ = {isa = PBXFileReference; lastKnownFileType = sourcecode.swift; path = ConversationsListTableViewCell.swift; sourceTree = "<group>"; };
		567F3D182523EB440078A709 /* ConversationsListTableViewCell.xib */ = {isa = PBXFileReference; lastKnownFileType = file.xib; path = ConversationsListTableViewCell.xib; sourceTree = "<group>"; };
		567F3D1F25246ED50078A709 /* DummyConversationListDataSource.swift */ = {isa = PBXFileReference; lastKnownFileType = sourcecode.swift; path = DummyConversationListDataSource.swift; sourceTree = "<group>"; };
		567F3D242524C7CF0078A709 /* ConversationTableViewCell.swift */ = {isa = PBXFileReference; lastKnownFileType = sourcecode.swift; path = ConversationTableViewCell.swift; sourceTree = "<group>"; };
		567F3D252524C7CF0078A709 /* IncomingConversationTableViewCell.xib */ = {isa = PBXFileReference; lastKnownFileType = file.xib; path = IncomingConversationTableViewCell.xib; sourceTree = "<group>"; };
		567F3D2A2524CA3E0078A709 /* OutgoingConversationTableViewCell.xib */ = {isa = PBXFileReference; lastKnownFileType = file.xib; path = OutgoingConversationTableViewCell.xib; sourceTree = "<group>"; };
		567F3D2E2524D4C50078A709 /* DummyConversationDataSource.swift */ = {isa = PBXFileReference; lastKnownFileType = sourcecode.swift; path = DummyConversationDataSource.swift; sourceTree = "<group>"; };
		567F3D32252508470078A709 /* ConfigurableView.swift */ = {isa = PBXFileReference; lastKnownFileType = sourcecode.swift; path = ConfigurableView.swift; sourceTree = "<group>"; };
		5682E5E625335B24009CE1BE /* BaseViewController.swift */ = {isa = PBXFileReference; lastKnownFileType = sourcecode.swift; path = BaseViewController.swift; sourceTree = "<group>"; };
		568AE4BE251B1DC8001277F1 /* SF-Pro-Text-Regular.otf */ = {isa = PBXFileReference; lastKnownFileType = file; path = "SF-Pro-Text-Regular.otf"; sourceTree = "<group>"; };
		568AE4CB251B1DCE001277F1 /* SF-Pro-Display-Bold.otf */ = {isa = PBXFileReference; lastKnownFileType = file; path = "SF-Pro-Display-Bold.otf"; sourceTree = "<group>"; };
		568AE4CE251B1DCF001277F1 /* SF-Pro-Text-Semibold.otf */ = {isa = PBXFileReference; lastKnownFileType = file; path = "SF-Pro-Text-Semibold.otf"; sourceTree = "<group>"; };
		568AE50B251B3315001277F1 /* Roboto-Regular.otf */ = {isa = PBXFileReference; lastKnownFileType = file; path = "Roboto-Regular.otf"; sourceTree = "<group>"; };
		569FE3832537ADC9002820CB /* AsyncOperation.swift */ = {isa = PBXFileReference; lastKnownFileType = sourcecode.swift; path = AsyncOperation.swift; sourceTree = "<group>"; };
		56BD29EC2510C441003633A3 /* Logger.swift */ = {isa = PBXFileReference; lastKnownFileType = sourcecode.swift; path = Logger.swift; sourceTree = "<group>"; };
		BA4AB299D8675D0189EE000E /* Pods_Talkers.framework */ = {isa = PBXFileReference; explicitFileType = wrapper.framework; includeInIndex = 0; path = Pods_Talkers.framework; sourceTree = BUILT_PRODUCTS_DIR; };
/* End PBXFileReference section */

/* Begin PBXFrameworksBuildPhase section */
		560D4638250AD21300E5A610 /* Frameworks */ = {
			isa = PBXFrameworksBuildPhase;
			buildActionMask = 2147483647;
			files = (
				36C854EAF996DC7DAF061664 /* Pods_Talkers.framework in Frameworks */,
			);
			runOnlyForDeploymentPostprocessing = 0;
		};
/* End PBXFrameworksBuildPhase section */

/* Begin PBXGroup section */
		338968455562CD1386CEF658 /* Pods */ = {
			isa = PBXGroup;
			children = (
				5591FED140C25ADA8BC81E46 /* Pods-Talkers.debug.xcconfig */,
				15051AC01A5EBDBF5498083C /* Pods-Talkers.release.xcconfig */,
			);
			path = Pods;
			sourceTree = "<group>";
		};
		560D4632250AD21300E5A610 = {
			isa = PBXGroup;
			children = (
				560D463D250AD21300E5A610 /* Talkers */,
				560D463C250AD21300E5A610 /* Products */,
				338968455562CD1386CEF658 /* Pods */,
				C38B9CD45539FCBB5869DC62 /* Frameworks */,
			);
			sourceTree = "<group>";
		};
		560D463C250AD21300E5A610 /* Products */ = {
			isa = PBXGroup;
			children = (
				560D463B250AD21300E5A610 /* Talkers.app */,
			);
			name = Products;
			sourceTree = "<group>";
		};
		560D463D250AD21300E5A610 /* Talkers */ = {
			isa = PBXGroup;
			children = (
				567F3D0D252372EA0078A709 /* App */,
				567F3D08252266230078A709 /* Assets */,
				569FE3872537B3A8002820CB /* Data managers */,
				56107B29252E6D0D0049BFA7 /* Extensions */,
				567F3D0E252373220078A709 /* Helpers */,
				56481C3F25373BF500B52E20 /* Model */,
				56481C432537A3DD00B52E20 /* Operations */,
				5614C719253337920038464F /* Storage */,
				567F3CFA252262240078A709 /* Screens */,
			);
			path = Talkers;
			sourceTree = "<group>";
		};
		56107B29252E6D0D0049BFA7 /* Extensions */ = {
			isa = PBXGroup;
			children = (
				56107B1C252E37A20049BFA7 /* UIViewController+Extentions.swift */,
				56107B26252E61CA0049BFA7 /* UIColor+Extentions.swift */,
			);
			path = Extensions;
			sourceTree = "<group>";
		};
		5612ED91252A7205003A5955 /* Themes */ = {
			isa = PBXGroup;
			children = (
				5612ED9E252A7736003A5955 /* ThemeButton */,
				56107B14252D215A0049BFA7 /* ThemeManager.swift */,
				5612ED92252A723E003A5955 /* ThemesViewController.swift */,
				5612ED95252A725D003A5955 /* ThemesViewController.storyboard */,
			);
			path = Themes;
			sourceTree = "<group>";
		};
		5612ED9E252A7736003A5955 /* ThemeButton */ = {
			isa = PBXGroup;
			children = (
				5612ED98252A76D2003A5955 /* ThemeButton.swift */,
				5612ED9B252A772D003A5955 /* ThemeButton.xib */,
			);
			path = ThemeButton;
			sourceTree = "<group>";
		};
		5614C719253337920038464F /* Storage */ = {
			isa = PBXGroup;
			children = (
				56481C482537A59200B52E20 /* FileStorage.swift */,
			);
			path = Storage;
			sourceTree = "<group>";
		};
		56481C3F25373BF500B52E20 /* Model */ = {
			isa = PBXGroup;
			children = (
				56481C4025373C1000B52E20 /* UserProfile.swift */,
			);
			path = Model;
			sourceTree = "<group>";
		};
		56481C432537A3DD00B52E20 /* Operations */ = {
			isa = PBXGroup;
			children = (
				569FE3832537ADC9002820CB /* AsyncOperation.swift */,
				56481C4B2537AA1200B52E20 /* LoadUserProfileOperation.swift */,
				56481C442537A40F00B52E20 /* SaveUserProfileOperation.swift */,
			);
			path = Operations;
			sourceTree = "<group>";
		};
		567F3CF4252261600078A709 /* ConversationsList */ = {
			isa = PBXGroup;
			children = (
				567F3D1D2523F29C0078A709 /* Cell */,
				567F3CF5252261B40078A709 /* ConversationsListViewController.swift */,
				567F3CF1252260B10078A709 /* ConversationsListViewController.storyboard */,
			);
			path = ConversationsList;
			sourceTree = "<group>";
		};
		567F3CFA252262240078A709 /* Screens */ = {
			isa = PBXGroup;
			children = (
				567F3CFC252262C30078A709 /* Conversation */,
				567F3CF4252261600078A709 /* ConversationsList */,
				567F3D04252265380078A709 /* LaunchScreen */,
				567F3D05252265B90078A709 /* Profile */,
				5612ED91252A7205003A5955 /* Themes */,
				567F3D32252508470078A709 /* ConfigurableView.swift */,
				5682E5E625335B24009CE1BE /* BaseViewController.swift */,
			);
			path = Screens;
			sourceTree = "<group>";
		};
		567F3CFC252262C30078A709 /* Conversation */ = {
			isa = PBXGroup;
			children = (
				567F3D222524C74F0078A709 /* Cells */,
				567F3D00252262F40078A709 /* ConversationViewController.swift */,
				567F3CFD252262D70078A709 /* ConversationViewController.storyboard */,
			);
			path = Conversation;
			sourceTree = "<group>";
		};
		567F3D04252265380078A709 /* LaunchScreen */ = {
			isa = PBXGroup;
			children = (
				560D4649250AD21A00E5A610 /* LaunchScreen.storyboard */,
			);
			path = LaunchScreen;
			sourceTree = "<group>";
		};
		567F3D05252265B90078A709 /* Profile */ = {
			isa = PBXGroup;
			children = (
				560D4642250AD21300E5A610 /* ProfileViewController.swift */,
				560D4644250AD21300E5A610 /* ProfileViewController.storyboard */,
			);
			path = Profile;
			sourceTree = "<group>";
		};
		567F3D08252266230078A709 /* Assets */ = {
			isa = PBXGroup;
			children = (
				560D4647250AD21A00E5A610 /* Assets.xcassets */,
				568AE4BA251B1C4E001277F1 /* Fonts */,
				560D464C250AD21A00E5A610 /* Info.plist */,
			);
			path = Assets;
			sourceTree = "<group>";
		};
		567F3D0D252372EA0078A709 /* App */ = {
			isa = PBXGroup;
			children = (
				560D463E250AD21300E5A610 /* AppDelegate.swift */,
			);
			path = App;
			sourceTree = "<group>";
		};
		567F3D0E252373220078A709 /* Helpers */ = {
			isa = PBXGroup;
			children = (
				567F3D2E2524D4C50078A709 /* DummyConversationDataSource.swift */,
				567F3D1F25246ED50078A709 /* DummyConversationListDataSource.swift */,
				56BD29EC2510C441003633A3 /* Logger.swift */,
			);
			path = Helpers;
			sourceTree = "<group>";
		};
		567F3D1D2523F29C0078A709 /* Cell */ = {
			isa = PBXGroup;
			children = (
				567F3D172523EB440078A709 /* ConversationsListTableViewCell.swift */,
				567F3D182523EB440078A709 /* ConversationsListTableViewCell.xib */,
			);
			path = Cell;
			sourceTree = "<group>";
		};
		567F3D222524C74F0078A709 /* Cells */ = {
			isa = PBXGroup;
			children = (
				567F3D242524C7CF0078A709 /* ConversationTableViewCell.swift */,
				567F3D252524C7CF0078A709 /* IncomingConversationTableViewCell.xib */,
				567F3D2A2524CA3E0078A709 /* OutgoingConversationTableViewCell.xib */,
			);
			path = Cells;
			sourceTree = "<group>";
		};
		568AE4BA251B1C4E001277F1 /* Fonts */ = {
			isa = PBXGroup;
			children = (
				568AE50B251B3315001277F1 /* Roboto-Regular.otf */,
				568AE4CB251B1DCE001277F1 /* SF-Pro-Display-Bold.otf */,
				568AE4BE251B1DC8001277F1 /* SF-Pro-Text-Regular.otf */,
				568AE4CE251B1DCF001277F1 /* SF-Pro-Text-Semibold.otf */,
			);
			path = Fonts;
			sourceTree = "<group>";
		};
		569FE3872537B3A8002820CB /* Data managers */ = {
			isa = PBXGroup;
			children = (
				5614C71A253337B20038464F /* GCDDataManager.swift */,
				56481C3C2537375A00B52E20 /* OperationDataManager.swift */,
				567E07D42537BC91007133D1 /* UserProfileManager.swift */,
			);
			path = "Data managers";
			sourceTree = "<group>";
		};
		C38B9CD45539FCBB5869DC62 /* Frameworks */ = {
			isa = PBXGroup;
			children = (
				BA4AB299D8675D0189EE000E /* Pods_Talkers.framework */,
			);
			name = Frameworks;
			sourceTree = "<group>";
		};
/* End PBXGroup section */

/* Begin PBXNativeTarget section */
		560D463A250AD21300E5A610 /* Talkers */ = {
			isa = PBXNativeTarget;
			buildConfigurationList = 560D464F250AD21A00E5A610 /* Build configuration list for PBXNativeTarget "Talkers" */;
			buildPhases = (
				6CE609386CA1136A23AAC69D /* [CP] Check Pods Manifest.lock */,
				56107B2E253262730049BFA7 /* ShellScript */,
				560D4637250AD21300E5A610 /* Sources */,
				560D4638250AD21300E5A610 /* Frameworks */,
				560D4639250AD21300E5A610 /* Resources */,
				5FB7BD1F1ACBF93DAE46B9F6 /* [CP] Embed Pods Frameworks */,
			);
			buildRules = (
			);
			dependencies = (
			);
			name = Talkers;
			productName = Talkers;
			productReference = 560D463B250AD21300E5A610 /* Talkers.app */;
			productType = "com.apple.product-type.application";
		};
/* End PBXNativeTarget section */

/* Begin PBXProject section */
		560D4633250AD21300E5A610 /* Project object */ = {
			isa = PBXProject;
			attributes = {
				LastSwiftUpdateCheck = 1170;
				LastUpgradeCheck = 1200;
				ORGANIZATIONNAME = "Natalia Kazakova";
				TargetAttributes = {
					560D463A250AD21300E5A610 = {
						CreatedOnToolsVersion = 11.7;
					};
				};
			};
			buildConfigurationList = 560D4636250AD21300E5A610 /* Build configuration list for PBXProject "Talkers" */;
			compatibilityVersion = "Xcode 9.3";
			developmentRegion = en;
			hasScannedForEncodings = 0;
			knownRegions = (
				en,
				Base,
			);
			mainGroup = 560D4632250AD21300E5A610;
			productRefGroup = 560D463C250AD21300E5A610 /* Products */;
			projectDirPath = "";
			projectRoot = "";
			targets = (
				560D463A250AD21300E5A610 /* Talkers */,
			);
		};
/* End PBXProject section */

/* Begin PBXResourcesBuildPhase section */
		560D4639250AD21300E5A610 /* Resources */ = {
			isa = PBXResourcesBuildPhase;
			buildActionMask = 2147483647;
			files = (
				567F3D2B2524CA3E0078A709 /* OutgoingConversationTableViewCell.xib in Resources */,
				568AE4EF251B1DD7001277F1 /* SF-Pro-Display-Bold.otf in Resources */,
				560D464B250AD21A00E5A610 /* LaunchScreen.storyboard in Resources */,
				567F3CF2252260B10078A709 /* ConversationsListViewController.storyboard in Resources */,
				5612ED96252A725D003A5955 /* ThemesViewController.storyboard in Resources */,
				5612ED9C252A772D003A5955 /* ThemeButton.xib in Resources */,
				560D4648250AD21A00E5A610 /* Assets.xcassets in Resources */,
				567F3D272524C7CF0078A709 /* IncomingConversationTableViewCell.xib in Resources */,
				560D4646250AD21300E5A610 /* ProfileViewController.storyboard in Resources */,
				568AE50C251B3316001277F1 /* Roboto-Regular.otf in Resources */,
				567F3CFE252262D70078A709 /* ConversationViewController.storyboard in Resources */,
				568AE4E2251B1DD7001277F1 /* SF-Pro-Text-Regular.otf in Resources */,
				567F3D1A2523EB440078A709 /* ConversationsListTableViewCell.xib in Resources */,
				568AE4F2251B1DD7001277F1 /* SF-Pro-Text-Semibold.otf in Resources */,
			);
			runOnlyForDeploymentPostprocessing = 0;
		};
/* End PBXResourcesBuildPhase section */

/* Begin PBXShellScriptBuildPhase section */
		56107B2E253262730049BFA7 /* ShellScript */ = {
			isa = PBXShellScriptBuildPhase;
			buildActionMask = 2147483647;
			files = (
			);
			inputFileListPaths = (
			);
			inputPaths = (
			);
			outputFileListPaths = (
			);
			outputPaths = (
			);
			runOnlyForDeploymentPostprocessing = 0;
			shellPath = /bin/sh;
			shellScript = "# Type a script or drag a script file from your workspace to insert its path.\n\"${PODS_ROOT}/SwiftLint/swiftlint\"\n";
		};
		5FB7BD1F1ACBF93DAE46B9F6 /* [CP] Embed Pods Frameworks */ = {
			isa = PBXShellScriptBuildPhase;
			buildActionMask = 2147483647;
			files = (
			);
			inputFileListPaths = (
				"${PODS_ROOT}/Target Support Files/Pods-Talkers/Pods-Talkers-frameworks-${CONFIGURATION}-input-files.xcfilelist",
			);
			name = "[CP] Embed Pods Frameworks";
			outputFileListPaths = (
				"${PODS_ROOT}/Target Support Files/Pods-Talkers/Pods-Talkers-frameworks-${CONFIGURATION}-output-files.xcfilelist",
			);
			runOnlyForDeploymentPostprocessing = 0;
			shellPath = /bin/sh;
			shellScript = "\"${PODS_ROOT}/Target Support Files/Pods-Talkers/Pods-Talkers-frameworks.sh\"\n";
			showEnvVarsInLog = 0;
		};
		6CE609386CA1136A23AAC69D /* [CP] Check Pods Manifest.lock */ = {
			isa = PBXShellScriptBuildPhase;
			buildActionMask = 2147483647;
			files = (
			);
			inputFileListPaths = (
			);
			inputPaths = (
				"${PODS_PODFILE_DIR_PATH}/Podfile.lock",
				"${PODS_ROOT}/Manifest.lock",
			);
			name = "[CP] Check Pods Manifest.lock";
			outputFileListPaths = (
			);
			outputPaths = (
				"$(DERIVED_FILE_DIR)/Pods-Talkers-checkManifestLockResult.txt",
			);
			runOnlyForDeploymentPostprocessing = 0;
			shellPath = /bin/sh;
			shellScript = "diff \"${PODS_PODFILE_DIR_PATH}/Podfile.lock\" \"${PODS_ROOT}/Manifest.lock\" > /dev/null\nif [ $? != 0 ] ; then\n    # print error to STDERR\n    echo \"error: The sandbox is not in sync with the Podfile.lock. Run 'pod install' or update your CocoaPods installation.\" >&2\n    exit 1\nfi\n# This output is used by Xcode 'outputs' to avoid re-running this script phase.\necho \"SUCCESS\" > \"${SCRIPT_OUTPUT_FILE_0}\"\n";
			showEnvVarsInLog = 0;
		};
/* End PBXShellScriptBuildPhase section */

/* Begin PBXSourcesBuildPhase section */
		560D4637250AD21300E5A610 /* Sources */ = {
			isa = PBXSourcesBuildPhase;
			buildActionMask = 2147483647;
			files = (
				567F3D262524C7CF0078A709 /* ConversationTableViewCell.swift in Sources */,
				5614C71B253337B20038464F /* GCDDataManager.swift in Sources */,
				560D4643250AD21300E5A610 /* ProfileViewController.swift in Sources */,
				56481C4C2537AA1200B52E20 /* LoadUserProfileOperation.swift in Sources */,
				567F3D2025246ED50078A709 /* DummyConversationListDataSource.swift in Sources */,
				56107B1D252E37A20049BFA7 /* UIViewController+Extentions.swift in Sources */,
				56481C492537A59200B52E20 /* FileStorage.swift in Sources */,
				567F3CF6252261B40078A709 /* ConversationsListViewController.swift in Sources */,
				567F3D2F2524D4C50078A709 /* DummyConversationDataSource.swift in Sources */,
				5682E5E725335B24009CE1BE /* BaseViewController.swift in Sources */,
				567F3D33252508470078A709 /* ConfigurableView.swift in Sources */,
				569FE3842537ADC9002820CB /* AsyncOperation.swift in Sources */,
				56107B15252D215A0049BFA7 /* ThemeManager.swift in Sources */,
				56481C452537A40F00B52E20 /* SaveUserProfileOperation.swift in Sources */,
				567F3D192523EB440078A709 /* ConversationsListTableViewCell.swift in Sources */,
				567F3D01252262F40078A709 /* ConversationViewController.swift in Sources */,
				5612ED93252A723E003A5955 /* ThemesViewController.swift in Sources */,
				56BD29ED2510C441003633A3 /* Logger.swift in Sources */,
				56481C4125373C1000B52E20 /* UserProfile.swift in Sources */,
				56107B27252E61CA0049BFA7 /* UIColor+Extentions.swift in Sources */,
				560D463F250AD21300E5A610 /* AppDelegate.swift in Sources */,
				5612ED99252A76D2003A5955 /* ThemeButton.swift in Sources */,
				567E07D52537BC91007133D1 /* UserProfileManager.swift in Sources */,
				56481C3D2537375A00B52E20 /* OperationDataManager.swift in Sources */,
			);
			runOnlyForDeploymentPostprocessing = 0;
		};
/* End PBXSourcesBuildPhase section */

/* Begin PBXVariantGroup section */
		560D4644250AD21300E5A610 /* ProfileViewController.storyboard */ = {
			isa = PBXVariantGroup;
			children = (
				560D4645250AD21300E5A610 /* Base */,
			);
			name = ProfileViewController.storyboard;
			sourceTree = "<group>";
		};
		560D4649250AD21A00E5A610 /* LaunchScreen.storyboard */ = {
			isa = PBXVariantGroup;
			children = (
				560D464A250AD21A00E5A610 /* Base */,
			);
			name = LaunchScreen.storyboard;
			sourceTree = "<group>";
		};
/* End PBXVariantGroup section */

/* Begin XCBuildConfiguration section */
		560D464D250AD21A00E5A610 /* Debug */ = {
			isa = XCBuildConfiguration;
			buildSettings = {
				ALWAYS_SEARCH_USER_PATHS = NO;
				CLANG_ANALYZER_NONNULL = YES;
				CLANG_ANALYZER_NUMBER_OBJECT_CONVERSION = YES_AGGRESSIVE;
				CLANG_CXX_LANGUAGE_STANDARD = "gnu++14";
				CLANG_CXX_LIBRARY = "libc++";
				CLANG_ENABLE_MODULES = YES;
				CLANG_ENABLE_OBJC_ARC = YES;
				CLANG_ENABLE_OBJC_WEAK = YES;
				CLANG_WARN_BLOCK_CAPTURE_AUTORELEASING = YES;
				CLANG_WARN_BOOL_CONVERSION = YES;
				CLANG_WARN_COMMA = YES;
				CLANG_WARN_CONSTANT_CONVERSION = YES;
				CLANG_WARN_DEPRECATED_OBJC_IMPLEMENTATIONS = YES;
				CLANG_WARN_DIRECT_OBJC_ISA_USAGE = YES_ERROR;
				CLANG_WARN_DOCUMENTATION_COMMENTS = YES;
				CLANG_WARN_EMPTY_BODY = YES;
				CLANG_WARN_ENUM_CONVERSION = YES;
				CLANG_WARN_INFINITE_RECURSION = YES;
				CLANG_WARN_INT_CONVERSION = YES;
				CLANG_WARN_NON_LITERAL_NULL_CONVERSION = YES;
				CLANG_WARN_OBJC_IMPLICIT_RETAIN_SELF = YES;
				CLANG_WARN_OBJC_LITERAL_CONVERSION = YES;
				CLANG_WARN_OBJC_ROOT_CLASS = YES_ERROR;
				CLANG_WARN_QUOTED_INCLUDE_IN_FRAMEWORK_HEADER = YES;
				CLANG_WARN_RANGE_LOOP_ANALYSIS = YES;
				CLANG_WARN_STRICT_PROTOTYPES = YES;
				CLANG_WARN_SUSPICIOUS_MOVE = YES;
				CLANG_WARN_UNGUARDED_AVAILABILITY = YES_AGGRESSIVE;
				CLANG_WARN_UNREACHABLE_CODE = YES;
				CLANG_WARN__DUPLICATE_METHOD_MATCH = YES;
				COPY_PHASE_STRIP = NO;
				DEBUG_INFORMATION_FORMAT = dwarf;
				ENABLE_STRICT_OBJC_MSGSEND = YES;
				ENABLE_TESTABILITY = YES;
				GCC_C_LANGUAGE_STANDARD = gnu11;
				GCC_DYNAMIC_NO_PIC = NO;
				GCC_NO_COMMON_BLOCKS = YES;
				GCC_OPTIMIZATION_LEVEL = 0;
				GCC_PREPROCESSOR_DEFINITIONS = (
					"DEBUG=1",
					"$(inherited)",
				);
				GCC_WARN_64_TO_32_BIT_CONVERSION = YES;
				GCC_WARN_ABOUT_RETURN_TYPE = YES_ERROR;
				GCC_WARN_UNDECLARED_SELECTOR = YES;
				GCC_WARN_UNINITIALIZED_AUTOS = YES_AGGRESSIVE;
				GCC_WARN_UNUSED_FUNCTION = YES;
				GCC_WARN_UNUSED_VARIABLE = YES;
				IPHONEOS_DEPLOYMENT_TARGET = 12.0;
				MTL_ENABLE_DEBUG_INFO = INCLUDE_SOURCE;
				MTL_FAST_MATH = YES;
				ONLY_ACTIVE_ARCH = YES;
				SDKROOT = iphoneos;
				SWIFT_ACTIVE_COMPILATION_CONDITIONS = DEBUG;
				SWIFT_OPTIMIZATION_LEVEL = "-Onone";
			};
			name = Debug;
		};
		560D464E250AD21A00E5A610 /* Release */ = {
			isa = XCBuildConfiguration;
			buildSettings = {
				ALWAYS_SEARCH_USER_PATHS = NO;
				CLANG_ANALYZER_NONNULL = YES;
				CLANG_ANALYZER_NUMBER_OBJECT_CONVERSION = YES_AGGRESSIVE;
				CLANG_CXX_LANGUAGE_STANDARD = "gnu++14";
				CLANG_CXX_LIBRARY = "libc++";
				CLANG_ENABLE_MODULES = YES;
				CLANG_ENABLE_OBJC_ARC = YES;
				CLANG_ENABLE_OBJC_WEAK = YES;
				CLANG_WARN_BLOCK_CAPTURE_AUTORELEASING = YES;
				CLANG_WARN_BOOL_CONVERSION = YES;
				CLANG_WARN_COMMA = YES;
				CLANG_WARN_CONSTANT_CONVERSION = YES;
				CLANG_WARN_DEPRECATED_OBJC_IMPLEMENTATIONS = YES;
				CLANG_WARN_DIRECT_OBJC_ISA_USAGE = YES_ERROR;
				CLANG_WARN_DOCUMENTATION_COMMENTS = YES;
				CLANG_WARN_EMPTY_BODY = YES;
				CLANG_WARN_ENUM_CONVERSION = YES;
				CLANG_WARN_INFINITE_RECURSION = YES;
				CLANG_WARN_INT_CONVERSION = YES;
				CLANG_WARN_NON_LITERAL_NULL_CONVERSION = YES;
				CLANG_WARN_OBJC_IMPLICIT_RETAIN_SELF = YES;
				CLANG_WARN_OBJC_LITERAL_CONVERSION = YES;
				CLANG_WARN_OBJC_ROOT_CLASS = YES_ERROR;
				CLANG_WARN_QUOTED_INCLUDE_IN_FRAMEWORK_HEADER = YES;
				CLANG_WARN_RANGE_LOOP_ANALYSIS = YES;
				CLANG_WARN_STRICT_PROTOTYPES = YES;
				CLANG_WARN_SUSPICIOUS_MOVE = YES;
				CLANG_WARN_UNGUARDED_AVAILABILITY = YES_AGGRESSIVE;
				CLANG_WARN_UNREACHABLE_CODE = YES;
				CLANG_WARN__DUPLICATE_METHOD_MATCH = YES;
				COPY_PHASE_STRIP = NO;
				DEBUG_INFORMATION_FORMAT = "dwarf-with-dsym";
				ENABLE_NS_ASSERTIONS = NO;
				ENABLE_STRICT_OBJC_MSGSEND = YES;
				GCC_C_LANGUAGE_STANDARD = gnu11;
				GCC_NO_COMMON_BLOCKS = YES;
				GCC_WARN_64_TO_32_BIT_CONVERSION = YES;
				GCC_WARN_ABOUT_RETURN_TYPE = YES_ERROR;
				GCC_WARN_UNDECLARED_SELECTOR = YES;
				GCC_WARN_UNINITIALIZED_AUTOS = YES_AGGRESSIVE;
				GCC_WARN_UNUSED_FUNCTION = YES;
				GCC_WARN_UNUSED_VARIABLE = YES;
				IPHONEOS_DEPLOYMENT_TARGET = 12.0;
				MTL_ENABLE_DEBUG_INFO = NO;
				MTL_FAST_MATH = YES;
				SDKROOT = iphoneos;
				SWIFT_COMPILATION_MODE = wholemodule;
				SWIFT_OPTIMIZATION_LEVEL = "-O";
				VALIDATE_PRODUCT = YES;
			};
			name = Release;
		};
		560D4650250AD21A00E5A610 /* Debug */ = {
			isa = XCBuildConfiguration;
			baseConfigurationReference = 5591FED140C25ADA8BC81E46 /* Pods-Talkers.debug.xcconfig */;
			buildSettings = {
				ASSETCATALOG_COMPILER_APPICON_NAME = AppIcon;
				CODE_SIGN_STYLE = Automatic;
				DEVELOPMENT_TEAM = DLVL4AD94D;
				INFOPLIST_FILE = Talkers/Assets/Info.plist;
				LD_RUNPATH_SEARCH_PATHS = (
					"$(inherited)",
					"@executable_path/Frameworks",
				);
				PRODUCT_BUNDLE_IDENTIFIER = ru.tinkoff.chat;
				PRODUCT_NAME = "$(TARGET_NAME)";
				SWIFT_VERSION = 5.0;
				TARGETED_DEVICE_FAMILY = 1;
			};
			name = Debug;
		};
		560D4651250AD21A00E5A610 /* Release */ = {
			isa = XCBuildConfiguration;
			baseConfigurationReference = 15051AC01A5EBDBF5498083C /* Pods-Talkers.release.xcconfig */;
			buildSettings = {
				ASSETCATALOG_COMPILER_APPICON_NAME = AppIcon;
				CODE_SIGN_STYLE = Automatic;
				DEVELOPMENT_TEAM = DLVL4AD94D;
				INFOPLIST_FILE = Talkers/Assets/Info.plist;
				LD_RUNPATH_SEARCH_PATHS = (
					"$(inherited)",
					"@executable_path/Frameworks",
				);
				PRODUCT_BUNDLE_IDENTIFIER = ru.tinkoff.chat;
				PRODUCT_NAME = "$(TARGET_NAME)";
				SWIFT_VERSION = 5.0;
				TARGETED_DEVICE_FAMILY = 1;
			};
			name = Release;
		};
/* End XCBuildConfiguration section */

/* Begin XCConfigurationList section */
		560D4636250AD21300E5A610 /* Build configuration list for PBXProject "Talkers" */ = {
			isa = XCConfigurationList;
			buildConfigurations = (
				560D464D250AD21A00E5A610 /* Debug */,
				560D464E250AD21A00E5A610 /* Release */,
			);
			defaultConfigurationIsVisible = 0;
			defaultConfigurationName = Release;
		};
		560D464F250AD21A00E5A610 /* Build configuration list for PBXNativeTarget "Talkers" */ = {
			isa = XCConfigurationList;
			buildConfigurations = (
				560D4650250AD21A00E5A610 /* Debug */,
				560D4651250AD21A00E5A610 /* Release */,
			);
			defaultConfigurationIsVisible = 0;
			defaultConfigurationName = Release;
		};
/* End XCConfigurationList section */
	};
	rootObject = 560D4633250AD21300E5A610 /* Project object */;
}
